
Microsoft Visual Studio Solution File, Format Version 12.00
# Visual Studio 2012
Project("{D954291E-2A0B-460D-934E-DC6B0785DB48}") = "SafeNotebooks", "SafeNotebooks\Shared\SafeNotebooks.shproj", "{AEFFE31C-AB11-413B-B623-C439936ADB57}"
EndProject
Project("{FAE04EC0-301F-11D3-BF4B-00C04F79EFBC}") = "SafeNotebooks.iOS", "SafeNotebooks\iOS\SafeNotebooks.iOS.csproj", "{7A7B9809-0096-4335-95CD-33809A289604}"
EndProject
Project("{FAE04EC0-301F-11D3-BF4B-00C04F79EFBC}") = "SafeNotebooks.Droid", "SafeNotebooks\Droid\SafeNotebooks.Droid.csproj", "{E91DD25D-EE76-4F97-8689-DF007B20A6C7}"
EndProject
Project("{D954291E-2A0B-460D-934E-DC6B0785DB48}") = "pbXForms", "pbXForms\pbXForms.shproj", "{2EC89D71-92C3-4121-801C-2975C54C7135}"
EndProject
Project("{FAE04EC0-301F-11D3-BF4B-00C04F79EFBC}") = "SafeNotebooks.Mac", "SafeNotebooks\Mac\SafeNotebooks.Mac.csproj", "{7F4FAECE-5E0E-488D-9F5B-3C85B34C9B69}"
EndProject
Project("{D954291E-2A0B-460D-934E-DC6B0785DB48}") = "pbXSecurity", "pbXSecurity\pbXSecurity.shproj", "{10EBD9BF-4B9F-4130-BE8F-5C245D3B5C37}"
EndProject
Project("{D954291E-2A0B-460D-934E-DC6B0785DB48}") = "pbXNet", "pbXNet\pbXNet.shproj", "{0F24CC4F-7A9B-4835-8F00-4DC291773539}"
EndProject
Project("{FAE04EC0-301F-11D3-BF4B-00C04F79EFBC}") = "SafeNotebooks.Texts", "SafeNotebooks\Texts\SafeNotebooks.Texts.csproj", "{BD23F900-50B7-4714-98C1-D1A192C1E939}"
EndProject
Global
	GlobalSection(SolutionConfigurationPlatforms) = preSolution
		Debug|iPhoneSimulator = Debug|iPhoneSimulator
		Release|iPhone = Release|iPhone
		Release|iPhoneSimulator = Release|iPhoneSimulator
		Debug|iPhone = Debug|iPhone
		Debug|Any CPU = Debug|Any CPU
		Release|Any CPU = Release|Any CPU
	EndGlobalSection
	GlobalSection(ProjectConfigurationPlatforms) = postSolution
		{7A7B9809-0096-4335-95CD-33809A289604}.Debug|iPhoneSimulator.ActiveCfg = Debug|iPhoneSimulator
		{7A7B9809-0096-4335-95CD-33809A289604}.Debug|iPhoneSimulator.Build.0 = Debug|iPhoneSimulator
		{7A7B9809-0096-4335-95CD-33809A289604}.Release|iPhone.ActiveCfg = Release|iPhone
		{7A7B9809-0096-4335-95CD-33809A289604}.Release|iPhone.Build.0 = Release|iPhone
		{7A7B9809-0096-4335-95CD-33809A289604}.Release|iPhoneSimulator.ActiveCfg = Release|iPhoneSimulator
		{7A7B9809-0096-4335-95CD-33809A289604}.Release|iPhoneSimulator.Build.0 = Release|iPhoneSimulator
		{7A7B9809-0096-4335-95CD-33809A289604}.Debug|iPhone.ActiveCfg = Debug|iPhone
		{7A7B9809-0096-4335-95CD-33809A289604}.Debug|iPhone.Build.0 = Debug|iPhone
		{7A7B9809-0096-4335-95CD-33809A289604}.Debug|Any CPU.ActiveCfg = Debug|iPhoneSimulator
		{7A7B9809-0096-4335-95CD-33809A289604}.Debug|Any CPU.Build.0 = Debug|iPhoneSimulator
		{7A7B9809-0096-4335-95CD-33809A289604}.Release|Any CPU.ActiveCfg = Release|iPhone
		{7A7B9809-0096-4335-95CD-33809A289604}.Release|Any CPU.Build.0 = Release|iPhone
		{E91DD25D-EE76-4F97-8689-DF007B20A6C7}.Debug|iPhoneSimulator.ActiveCfg = Debug|Any CPU
		{E91DD25D-EE76-4F97-8689-DF007B20A6C7}.Debug|iPhoneSimulator.Build.0 = Debug|Any CPU
		{E91DD25D-EE76-4F97-8689-DF007B20A6C7}.Release|iPhone.ActiveCfg = Release|Any CPU
		{E91DD25D-EE76-4F97-8689-DF007B20A6C7}.Release|iPhone.Build.0 = Release|Any CPU
		{E91DD25D-EE76-4F97-8689-DF007B20A6C7}.Release|iPhoneSimulator.ActiveCfg = Release|Any CPU
		{E91DD25D-EE76-4F97-8689-DF007B20A6C7}.Release|iPhoneSimulator.Build.0 = Release|Any CPU
		{E91DD25D-EE76-4F97-8689-DF007B20A6C7}.Debug|iPhone.ActiveCfg = Debug|Any CPU
		{E91DD25D-EE76-4F97-8689-DF007B20A6C7}.Debug|iPhone.Build.0 = Debug|Any CPU
		{E91DD25D-EE76-4F97-8689-DF007B20A6C7}.Debug|Any CPU.ActiveCfg = Debug|Any CPU
		{E91DD25D-EE76-4F97-8689-DF007B20A6C7}.Debug|Any CPU.Build.0 = Debug|Any CPU
		{E91DD25D-EE76-4F97-8689-DF007B20A6C7}.Release|Any CPU.ActiveCfg = Release|Any CPU
		{E91DD25D-EE76-4F97-8689-DF007B20A6C7}.Release|Any CPU.Build.0 = Release|Any CPU
		{7F4FAECE-5E0E-488D-9F5B-3C85B34C9B69}.Debug|iPhoneSimulator.ActiveCfg = Debug|iPhoneSimulator
		{7F4FAECE-5E0E-488D-9F5B-3C85B34C9B69}.Debug|iPhoneSimulator.Build.0 = Debug|iPhoneSimulator
		{7F4FAECE-5E0E-488D-9F5B-3C85B34C9B69}.Release|iPhone.ActiveCfg = Release|iPhoneSimulator
		{7F4FAECE-5E0E-488D-9F5B-3C85B34C9B69}.Release|iPhone.Build.0 = Release|iPhoneSimulator
		{7F4FAECE-5E0E-488D-9F5B-3C85B34C9B69}.Release|iPhoneSimulator.ActiveCfg = Release|iPhoneSimulator
		{7F4FAECE-5E0E-488D-9F5B-3C85B34C9B69}.Release|iPhoneSimulator.Build.0 = Release|iPhoneSimulator
		{7F4FAECE-5E0E-488D-9F5B-3C85B34C9B69}.Debug|iPhone.ActiveCfg = Debug|iPhoneSimulator
		{7F4FAECE-5E0E-488D-9F5B-3C85B34C9B69}.Debug|iPhone.Build.0 = Debug|iPhoneSimulator
		{7F4FAECE-5E0E-488D-9F5B-3C85B34C9B69}.Debug|Any CPU.ActiveCfg = Debug|iPhoneSimulator
		{7F4FAECE-5E0E-488D-9F5B-3C85B34C9B69}.Debug|Any CPU.Build.0 = Debug|iPhoneSimulator
		{7F4FAECE-5E0E-488D-9F5B-3C85B34C9B69}.Release|Any CPU.ActiveCfg = Release|iPhoneSimulator
		{7F4FAECE-5E0E-488D-9F5B-3C85B34C9B69}.Release|Any CPU.Build.0 = Release|iPhoneSimulator
		{BD23F900-50B7-4714-98C1-D1A192C1E939}.Debug|iPhoneSimulator.ActiveCfg = Debug|Any CPU
		{BD23F900-50B7-4714-98C1-D1A192C1E939}.Debug|iPhoneSimulator.Build.0 = Debug|Any CPU
		{BD23F900-50B7-4714-98C1-D1A192C1E939}.Release|iPhone.ActiveCfg = Release|Any CPU
		{BD23F900-50B7-4714-98C1-D1A192C1E939}.Release|iPhone.Build.0 = Release|Any CPU
		{BD23F900-50B7-4714-98C1-D1A192C1E939}.Release|iPhoneSimulator.ActiveCfg = Release|Any CPU
		{BD23F900-50B7-4714-98C1-D1A192C1E939}.Release|iPhoneSimulator.Build.0 = Release|Any CPU
		{BD23F900-50B7-4714-98C1-D1A192C1E939}.Debug|iPhone.ActiveCfg = Debug|Any CPU
		{BD23F900-50B7-4714-98C1-D1A192C1E939}.Debug|iPhone.Build.0 = Debug|Any CPU
		{BD23F900-50B7-4714-98C1-D1A192C1E939}.Debug|Any CPU.ActiveCfg = Debug|Any CPU
		{BD23F900-50B7-4714-98C1-D1A192C1E939}.Debug|Any CPU.Build.0 = Debug|Any CPU
		{BD23F900-50B7-4714-98C1-D1A192C1E939}.Release|Any CPU.ActiveCfg = Release|Any CPU
		{BD23F900-50B7-4714-98C1-D1A192C1E939}.Release|Any CPU.Build.0 = Release|Any CPU
	EndGlobalSection
	GlobalSection(MonoDevelopProperties) = preSolution
		Policies = $0
		$0.DotNetNamingPolicy = $1
		$1.DirectoryNamespaceAssociation = None
		$1.ResourceNamePolicy = FileFormatDefault
		$0.VersionControlPolicy = $2
		$2.inheritsSet = Mono
		version = 1.0.0
	EndGlobalSection
EndGlobal
