Microsoft Visual Studio Solution File, Format Version 12.00
# Visual Studio 15
VisualStudioVersion = 15.0.26430.13
MinimumVisualStudioVersion = 10.0.40219.1
Project("{D954291E-2A0B-460D-934E-DC6B0785DB48}") = "pbXNet.Shared", "pbXNet\pbXNet.Shared.shproj", "{0F24CC4F-7A9B-4835-8F00-4DC291773539}"
EndProject
Project("{FAE04EC0-301F-11D3-BF4B-00C04F79EFBC}") = "pbXNet.Droid", "pbXNet.Droid\pbXNet.Droid.csproj", "{09F056D8-6ECD-4398-B06C-AFE32E911B85}"
EndProject
Project("{FAE04EC0-301F-11D3-BF4B-00C04F79EFBC}") = "pbXNet.iOS", "pbXNet.iOS\pbXNet.iOS.csproj", "{885C3BD5-106C-47FA-83D1-B86217610C25}"
EndProject
Project("{FAE04EC0-301F-11D3-BF4B-00C04F79EFBC}") = "pbXNet.macOS", "pbXNet.macOS\pbXNet.macOS.csproj", "{038B20C3-4EDD-4619-B83A-EC3471335477}"
EndProject
Project("{D954291E-2A0B-460D-934E-DC6B0785DB48}") = "pbXForms.Shared", "pbXForms\pbXForms.Shared.shproj", "{2EC89D71-92C3-4121-801C-2975C54C7135}"
EndProject
Project("{FAE04EC0-301F-11D3-BF4B-00C04F79EFBC}") = "pbXForms.iOS", "pbXForms.iOS\pbXForms.iOS.csproj", "{1E8F6F65-6007-4717-B210-C3554873F37A}"
EndProject
Project("{2150E333-8FDC-42A3-9474-1A3956D46DE8}") = "Solution Items", "Solution Items", "{763C96D2-39EA-4DF7-8F87-0D0F6ECDC200}"
	ProjectSection(SolutionItems) = preProject
		LICENSE = LICENSE
		License.md = License.md
		README.md = README.md
	EndProjectSection
EndProject
Project("{FAE04EC0-301F-11D3-BF4B-00C04F79EFBC}") = "pbXForms.macOS", "pbXForms.macOS\pbXForms.macOS.csproj", "{6FE2DB7D-4FB5-4A33-AC48-41C22DEA02A5}"
EndProject
Project("{FAE04EC0-301F-11D3-BF4B-00C04F79EFBC}") = "pbXForms.Droid", "pbXForms.Droid\pbXForms.Droid.csproj", "{D4DEE17B-27B9-4BF3-8868-76197F53EB6D}"
EndProject
Project("{FAE04EC0-301F-11D3-BF4B-00C04F79EFBC}") = "pbXNet.UWP", "pbXNet.UWP\pbXNet.UWP.csproj", "{2BCD8750-CA4E-4E5A-BBC3-29A4FDC8E680}"
EndProject
Project("{FAE04EC0-301F-11D3-BF4B-00C04F79EFBC}") = "pbXForms.UWP", "pbXForms.UWP\pbXForms.UWP.csproj", "{55400609-5FB0-4825-9104-4D8C586688D5}"
EndProject
Project("{FAE04EC0-301F-11D3-BF4B-00C04F79EFBC}") = "pbXNet.NET", "pbXNet.NET\pbXNet.NET.csproj", "{BA60D111-A7E1-4455-B192-450846976D49}"
EndProject
Project("{FAE04EC0-301F-11D3-BF4B-00C04F79EFBC}") = "pbXNet.NETStd", "pbXNet.NETStd\pbXNet.NETStd.csproj", "{CB19E5A2-C0B6-42FD-ACEA-F25BF3ECFC62}"
EndProject
Global
	GlobalSection(SharedMSBuildProjectFiles) = preSolution
		pbXNet\pbXNet.Shared.projitems*{038b20c3-4edd-4619-b83a-ec3471335477}*SharedItemsImports = 4
		pbXNet\pbXNet.Shared.projitems*{09f056d8-6ecd-4398-b06c-afe32e911b85}*SharedItemsImports = 4
		pbXNet\pbXNet.Shared.projitems*{0f24cc4f-7a9b-4835-8f00-4dc291773539}*SharedItemsImports = 13
		pbXForms\pbXForms.Shared.projitems*{1e8f6f65-6007-4717-b210-c3554873f37a}*SharedItemsImports = 4
		pbXNet\pbXNet.Shared.projitems*{2bcd8750-ca4e-4e5a-bbc3-29a4fdc8e680}*SharedItemsImports = 4
		pbXForms\pbXForms.Shared.projitems*{2ec89d71-92c3-4121-801c-2975c54c7135}*SharedItemsImports = 13
		pbXForms\pbXForms.Shared.projitems*{55400609-5fb0-4825-9104-4d8c586688d5}*SharedItemsImports = 4
		pbXForms\pbXForms.Shared.projitems*{6fe2db7d-4fb5-4a33-ac48-41c22dea02a5}*SharedItemsImports = 4
		pbXNet\pbXNet.Shared.projitems*{885c3bd5-106c-47fa-83d1-b86217610c25}*SharedItemsImports = 4
		pbXNet\pbXNet.Shared.projitems*{ba60d111-a7e1-4455-b192-450846976d49}*SharedItemsImports = 4
		pbXForms\pbXForms.Shared.projitems*{d4dee17b-27b9-4bf3-8868-76197f53eb6d}*SharedItemsImports = 4
	EndGlobalSection
	GlobalSection(SolutionConfigurationPlatforms) = preSolution
		Debug|Any CPU = Debug|Any CPU
		Debug|ARM = Debug|ARM
		Debug|x64 = Debug|x64
		Debug|x86 = Debug|x86
		Release|Any CPU = Release|Any CPU
		Release|ARM = Release|ARM
		Release|x64 = Release|x64
		Release|x86 = Release|x86
	EndGlobalSection
	GlobalSection(ProjectConfigurationPlatforms) = postSolution
		{09F056D8-6ECD-4398-B06C-AFE32E911B85}.Debug|Any CPU.ActiveCfg = Debug|Any CPU
		{09F056D8-6ECD-4398-B06C-AFE32E911B85}.Debug|Any CPU.Build.0 = Debug|Any CPU
		{09F056D8-6ECD-4398-B06C-AFE32E911B85}.Debug|ARM.ActiveCfg = Debug|Any CPU
		{09F056D8-6ECD-4398-B06C-AFE32E911B85}.Debug|ARM.Build.0 = Debug|Any CPU
		{09F056D8-6ECD-4398-B06C-AFE32E911B85}.Debug|x64.ActiveCfg = Debug|Any CPU
		{09F056D8-6ECD-4398-B06C-AFE32E911B85}.Debug|x64.Build.0 = Debug|Any CPU
		{09F056D8-6ECD-4398-B06C-AFE32E911B85}.Debug|x86.ActiveCfg = Debug|Any CPU
		{09F056D8-6ECD-4398-B06C-AFE32E911B85}.Debug|x86.Build.0 = Debug|Any CPU
		{09F056D8-6ECD-4398-B06C-AFE32E911B85}.Release|Any CPU.ActiveCfg = Release|Any CPU
		{09F056D8-6ECD-4398-B06C-AFE32E911B85}.Release|Any CPU.Build.0 = Release|Any CPU
		{09F056D8-6ECD-4398-B06C-AFE32E911B85}.Release|ARM.ActiveCfg = Release|Any CPU
		{09F056D8-6ECD-4398-B06C-AFE32E911B85}.Release|ARM.Build.0 = Release|Any CPU
		{09F056D8-6ECD-4398-B06C-AFE32E911B85}.Release|x64.ActiveCfg = Release|Any CPU
		{09F056D8-6ECD-4398-B06C-AFE32E911B85}.Release|x64.Build.0 = Release|Any CPU
		{09F056D8-6ECD-4398-B06C-AFE32E911B85}.Release|x86.ActiveCfg = Release|Any CPU
		{09F056D8-6ECD-4398-B06C-AFE32E911B85}.Release|x86.Build.0 = Release|Any CPU
		{885C3BD5-106C-47FA-83D1-B86217610C25}.Debug|Any CPU.ActiveCfg = Debug|Any CPU
		{885C3BD5-106C-47FA-83D1-B86217610C25}.Debug|Any CPU.Build.0 = Debug|Any CPU
		{885C3BD5-106C-47FA-83D1-B86217610C25}.Debug|ARM.ActiveCfg = Debug|Any CPU
		{885C3BD5-106C-47FA-83D1-B86217610C25}.Debug|ARM.Build.0 = Debug|Any CPU
		{885C3BD5-106C-47FA-83D1-B86217610C25}.Debug|x64.ActiveCfg = Debug|Any CPU
		{885C3BD5-106C-47FA-83D1-B86217610C25}.Debug|x64.Build.0 = Debug|Any CPU
		{885C3BD5-106C-47FA-83D1-B86217610C25}.Debug|x86.ActiveCfg = Debug|Any CPU
		{885C3BD5-106C-47FA-83D1-B86217610C25}.Debug|x86.Build.0 = Debug|Any CPU
		{885C3BD5-106C-47FA-83D1-B86217610C25}.Release|Any CPU.ActiveCfg = Release|Any CPU
		{885C3BD5-106C-47FA-83D1-B86217610C25}.Release|Any CPU.Build.0 = Release|Any CPU
		{885C3BD5-106C-47FA-83D1-B86217610C25}.Release|ARM.ActiveCfg = Release|Any CPU
		{885C3BD5-106C-47FA-83D1-B86217610C25}.Release|ARM.Build.0 = Release|Any CPU
		{885C3BD5-106C-47FA-83D1-B86217610C25}.Release|x64.ActiveCfg = Release|Any CPU
		{885C3BD5-106C-47FA-83D1-B86217610C25}.Release|x64.Build.0 = Release|Any CPU
		{885C3BD5-106C-47FA-83D1-B86217610C25}.Release|x86.ActiveCfg = Release|Any CPU
		{885C3BD5-106C-47FA-83D1-B86217610C25}.Release|x86.Build.0 = Release|Any CPU
		{038B20C3-4EDD-4619-B83A-EC3471335477}.Debug|Any CPU.ActiveCfg = Debug|Any CPU
		{038B20C3-4EDD-4619-B83A-EC3471335477}.Debug|Any CPU.Build.0 = Debug|Any CPU
		{038B20C3-4EDD-4619-B83A-EC3471335477}.Debug|ARM.ActiveCfg = Debug|Any CPU
		{038B20C3-4EDD-4619-B83A-EC3471335477}.Debug|ARM.Build.0 = Debug|Any CPU
		{038B20C3-4EDD-4619-B83A-EC3471335477}.Debug|x64.ActiveCfg = Debug|Any CPU
		{038B20C3-4EDD-4619-B83A-EC3471335477}.Debug|x64.Build.0 = Debug|Any CPU
		{038B20C3-4EDD-4619-B83A-EC3471335477}.Debug|x86.ActiveCfg = Debug|Any CPU
		{038B20C3-4EDD-4619-B83A-EC3471335477}.Debug|x86.Build.0 = Debug|Any CPU
		{038B20C3-4EDD-4619-B83A-EC3471335477}.Release|Any CPU.ActiveCfg = Release|Any CPU
		{038B20C3-4EDD-4619-B83A-EC3471335477}.Release|Any CPU.Build.0 = Release|Any CPU
		{038B20C3-4EDD-4619-B83A-EC3471335477}.Release|ARM.ActiveCfg = Release|Any CPU
		{038B20C3-4EDD-4619-B83A-EC3471335477}.Release|ARM.Build.0 = Release|Any CPU
		{038B20C3-4EDD-4619-B83A-EC3471335477}.Release|x64.ActiveCfg = Release|Any CPU
		{038B20C3-4EDD-4619-B83A-EC3471335477}.Release|x64.Build.0 = Release|Any CPU
		{038B20C3-4EDD-4619-B83A-EC3471335477}.Release|x86.ActiveCfg = Release|Any CPU
		{038B20C3-4EDD-4619-B83A-EC3471335477}.Release|x86.Build.0 = Release|Any CPU
		{1E8F6F65-6007-4717-B210-C3554873F37A}.Debug|Any CPU.ActiveCfg = Debug|Any CPU
		{1E8F6F65-6007-4717-B210-C3554873F37A}.Debug|Any CPU.Build.0 = Debug|Any CPU
		{1E8F6F65-6007-4717-B210-C3554873F37A}.Debug|ARM.ActiveCfg = Debug|Any CPU
		{1E8F6F65-6007-4717-B210-C3554873F37A}.Debug|ARM.Build.0 = Debug|Any CPU
		{1E8F6F65-6007-4717-B210-C3554873F37A}.Debug|x64.ActiveCfg = Debug|Any CPU
		{1E8F6F65-6007-4717-B210-C3554873F37A}.Debug|x64.Build.0 = Debug|Any CPU
		{1E8F6F65-6007-4717-B210-C3554873F37A}.Debug|x86.ActiveCfg = Debug|Any CPU
		{1E8F6F65-6007-4717-B210-C3554873F37A}.Debug|x86.Build.0 = Debug|Any CPU
		{1E8F6F65-6007-4717-B210-C3554873F37A}.Release|Any CPU.ActiveCfg = Release|Any CPU
		{1E8F6F65-6007-4717-B210-C3554873F37A}.Release|Any CPU.Build.0 = Release|Any CPU
		{1E8F6F65-6007-4717-B210-C3554873F37A}.Release|ARM.ActiveCfg = Release|Any CPU
		{1E8F6F65-6007-4717-B210-C3554873F37A}.Release|ARM.Build.0 = Release|Any CPU
		{1E8F6F65-6007-4717-B210-C3554873F37A}.Release|x64.ActiveCfg = Release|Any CPU
		{1E8F6F65-6007-4717-B210-C3554873F37A}.Release|x64.Build.0 = Release|Any CPU
		{1E8F6F65-6007-4717-B210-C3554873F37A}.Release|x86.ActiveCfg = Release|Any CPU
		{1E8F6F65-6007-4717-B210-C3554873F37A}.Release|x86.Build.0 = Release|Any CPU
		{6FE2DB7D-4FB5-4A33-AC48-41C22DEA02A5}.Debug|Any CPU.ActiveCfg = Debug|Any CPU
		{6FE2DB7D-4FB5-4A33-AC48-41C22DEA02A5}.Debug|Any CPU.Build.0 = Debug|Any CPU
		{6FE2DB7D-4FB5-4A33-AC48-41C22DEA02A5}.Debug|ARM.ActiveCfg = Debug|Any CPU
		{6FE2DB7D-4FB5-4A33-AC48-41C22DEA02A5}.Debug|ARM.Build.0 = Debug|Any CPU
		{6FE2DB7D-4FB5-4A33-AC48-41C22DEA02A5}.Debug|x64.ActiveCfg = Debug|Any CPU
		{6FE2DB7D-4FB5-4A33-AC48-41C22DEA02A5}.Debug|x64.Build.0 = Debug|Any CPU
		{6FE2DB7D-4FB5-4A33-AC48-41C22DEA02A5}.Debug|x86.ActiveCfg = Debug|Any CPU
		{6FE2DB7D-4FB5-4A33-AC48-41C22DEA02A5}.Debug|x86.Build.0 = Debug|Any CPU
		{6FE2DB7D-4FB5-4A33-AC48-41C22DEA02A5}.Release|Any CPU.ActiveCfg = Release|Any CPU
		{6FE2DB7D-4FB5-4A33-AC48-41C22DEA02A5}.Release|Any CPU.Build.0 = Release|Any CPU
		{6FE2DB7D-4FB5-4A33-AC48-41C22DEA02A5}.Release|ARM.ActiveCfg = Release|Any CPU
		{6FE2DB7D-4FB5-4A33-AC48-41C22DEA02A5}.Release|ARM.Build.0 = Release|Any CPU
		{6FE2DB7D-4FB5-4A33-AC48-41C22DEA02A5}.Release|x64.ActiveCfg = Release|Any CPU
		{6FE2DB7D-4FB5-4A33-AC48-41C22DEA02A5}.Release|x64.Build.0 = Release|Any CPU
		{6FE2DB7D-4FB5-4A33-AC48-41C22DEA02A5}.Release|x86.ActiveCfg = Release|Any CPU
		{6FE2DB7D-4FB5-4A33-AC48-41C22DEA02A5}.Release|x86.Build.0 = Release|Any CPU
		{D4DEE17B-27B9-4BF3-8868-76197F53EB6D}.Debug|Any CPU.ActiveCfg = Debug|Any CPU
		{D4DEE17B-27B9-4BF3-8868-76197F53EB6D}.Debug|Any CPU.Build.0 = Debug|Any CPU
		{D4DEE17B-27B9-4BF3-8868-76197F53EB6D}.Debug|ARM.ActiveCfg = Debug|Any CPU
		{D4DEE17B-27B9-4BF3-8868-76197F53EB6D}.Debug|ARM.Build.0 = Debug|Any CPU
		{D4DEE17B-27B9-4BF3-8868-76197F53EB6D}.Debug|x64.ActiveCfg = Debug|Any CPU
		{D4DEE17B-27B9-4BF3-8868-76197F53EB6D}.Debug|x64.Build.0 = Debug|Any CPU
		{D4DEE17B-27B9-4BF3-8868-76197F53EB6D}.Debug|x86.ActiveCfg = Debug|Any CPU
		{D4DEE17B-27B9-4BF3-8868-76197F53EB6D}.Debug|x86.Build.0 = Debug|Any CPU
		{D4DEE17B-27B9-4BF3-8868-76197F53EB6D}.Release|Any CPU.ActiveCfg = Release|Any CPU
		{D4DEE17B-27B9-4BF3-8868-76197F53EB6D}.Release|Any CPU.Build.0 = Release|Any CPU
		{D4DEE17B-27B9-4BF3-8868-76197F53EB6D}.Release|ARM.ActiveCfg = Release|Any CPU
		{D4DEE17B-27B9-4BF3-8868-76197F53EB6D}.Release|ARM.Build.0 = Release|Any CPU
		{D4DEE17B-27B9-4BF3-8868-76197F53EB6D}.Release|x64.ActiveCfg = Release|Any CPU
		{D4DEE17B-27B9-4BF3-8868-76197F53EB6D}.Release|x64.Build.0 = Release|Any CPU
		{D4DEE17B-27B9-4BF3-8868-76197F53EB6D}.Release|x86.ActiveCfg = Release|Any CPU
		{D4DEE17B-27B9-4BF3-8868-76197F53EB6D}.Release|x86.Build.0 = Release|Any CPU
		{2BCD8750-CA4E-4E5A-BBC3-29A4FDC8E680}.Debug|Any CPU.ActiveCfg = Debug|Any CPU
		{2BCD8750-CA4E-4E5A-BBC3-29A4FDC8E680}.Debug|Any CPU.Build.0 = Debug|Any CPU
		{2BCD8750-CA4E-4E5A-BBC3-29A4FDC8E680}.Debug|ARM.ActiveCfg = Debug|ARM
		{2BCD8750-CA4E-4E5A-BBC3-29A4FDC8E680}.Debug|ARM.Build.0 = Debug|ARM
		{2BCD8750-CA4E-4E5A-BBC3-29A4FDC8E680}.Debug|x64.ActiveCfg = Debug|x64
		{2BCD8750-CA4E-4E5A-BBC3-29A4FDC8E680}.Debug|x64.Build.0 = Debug|x64
		{2BCD8750-CA4E-4E5A-BBC3-29A4FDC8E680}.Debug|x86.ActiveCfg = Debug|x86
		{2BCD8750-CA4E-4E5A-BBC3-29A4FDC8E680}.Debug|x86.Build.0 = Debug|x86
		{2BCD8750-CA4E-4E5A-BBC3-29A4FDC8E680}.Release|Any CPU.ActiveCfg = Release|Any CPU
		{2BCD8750-CA4E-4E5A-BBC3-29A4FDC8E680}.Release|Any CPU.Build.0 = Release|Any CPU
		{2BCD8750-CA4E-4E5A-BBC3-29A4FDC8E680}.Release|ARM.ActiveCfg = Release|ARM
		{2BCD8750-CA4E-4E5A-BBC3-29A4FDC8E680}.Release|ARM.Build.0 = Release|ARM
		{2BCD8750-CA4E-4E5A-BBC3-29A4FDC8E680}.Release|x64.ActiveCfg = Release|x64
		{2BCD8750-CA4E-4E5A-BBC3-29A4FDC8E680}.Release|x64.Build.0 = Release|x64
		{2BCD8750-CA4E-4E5A-BBC3-29A4FDC8E680}.Release|x86.ActiveCfg = Release|x86
		{2BCD8750-CA4E-4E5A-BBC3-29A4FDC8E680}.Release|x86.Build.0 = Release|x86
		{55400609-5FB0-4825-9104-4D8C586688D5}.Debug|Any CPU.ActiveCfg = Debug|Any CPU
		{55400609-5FB0-4825-9104-4D8C586688D5}.Debug|Any CPU.Build.0 = Debug|Any CPU
		{55400609-5FB0-4825-9104-4D8C586688D5}.Debug|ARM.ActiveCfg = Debug|ARM
		{55400609-5FB0-4825-9104-4D8C586688D5}.Debug|ARM.Build.0 = Debug|ARM
		{55400609-5FB0-4825-9104-4D8C586688D5}.Debug|x64.ActiveCfg = Debug|x64
		{55400609-5FB0-4825-9104-4D8C586688D5}.Debug|x64.Build.0 = Debug|x64
		{55400609-5FB0-4825-9104-4D8C586688D5}.Debug|x86.ActiveCfg = Debug|x86
		{55400609-5FB0-4825-9104-4D8C586688D5}.Debug|x86.Build.0 = Debug|x86
		{55400609-5FB0-4825-9104-4D8C586688D5}.Release|Any CPU.ActiveCfg = Release|Any CPU
		{55400609-5FB0-4825-9104-4D8C586688D5}.Release|Any CPU.Build.0 = Release|Any CPU
		{55400609-5FB0-4825-9104-4D8C586688D5}.Release|ARM.ActiveCfg = Release|ARM
		{55400609-5FB0-4825-9104-4D8C586688D5}.Release|ARM.Build.0 = Release|ARM
		{55400609-5FB0-4825-9104-4D8C586688D5}.Release|x64.ActiveCfg = Release|x64
		{55400609-5FB0-4825-9104-4D8C586688D5}.Release|x64.Build.0 = Release|x64
		{55400609-5FB0-4825-9104-4D8C586688D5}.Release|x86.ActiveCfg = Release|x86
		{55400609-5FB0-4825-9104-4D8C586688D5}.Release|x86.Build.0 = Release|x86
		{BA60D111-A7E1-4455-B192-450846976D49}.Debug|Any CPU.ActiveCfg = Debug|Any CPU
		{BA60D111-A7E1-4455-B192-450846976D49}.Debug|Any CPU.Build.0 = Debug|Any CPU
		{BA60D111-A7E1-4455-B192-450846976D49}.Debug|ARM.ActiveCfg = Debug|Any CPU
		{BA60D111-A7E1-4455-B192-450846976D49}.Debug|ARM.Build.0 = Debug|Any CPU
		{BA60D111-A7E1-4455-B192-450846976D49}.Debug|x64.ActiveCfg = Debug|Any CPU
		{BA60D111-A7E1-4455-B192-450846976D49}.Debug|x64.Build.0 = Debug|Any CPU
		{BA60D111-A7E1-4455-B192-450846976D49}.Debug|x86.ActiveCfg = Debug|Any CPU
		{BA60D111-A7E1-4455-B192-450846976D49}.Debug|x86.Build.0 = Debug|Any CPU
		{BA60D111-A7E1-4455-B192-450846976D49}.Release|Any CPU.ActiveCfg = Release|Any CPU
		{BA60D111-A7E1-4455-B192-450846976D49}.Release|Any CPU.Build.0 = Release|Any CPU
		{BA60D111-A7E1-4455-B192-450846976D49}.Release|ARM.ActiveCfg = Release|Any CPU
		{BA60D111-A7E1-4455-B192-450846976D49}.Release|ARM.Build.0 = Release|Any CPU
		{BA60D111-A7E1-4455-B192-450846976D49}.Release|x64.ActiveCfg = Release|Any CPU
		{BA60D111-A7E1-4455-B192-450846976D49}.Release|x64.Build.0 = Release|Any CPU
		{BA60D111-A7E1-4455-B192-450846976D49}.Release|x86.ActiveCfg = Release|Any CPU
		{BA60D111-A7E1-4455-B192-450846976D49}.Release|x86.Build.0 = Release|Any CPU
		{CB19E5A2-C0B6-42FD-ACEA-F25BF3ECFC62}.Debug|Any CPU.ActiveCfg = Debug|Any CPU
		{CB19E5A2-C0B6-42FD-ACEA-F25BF3ECFC62}.Debug|Any CPU.Build.0 = Debug|Any CPU
		{CB19E5A2-C0B6-42FD-ACEA-F25BF3ECFC62}.Debug|ARM.ActiveCfg = Debug|Any CPU
		{CB19E5A2-C0B6-42FD-ACEA-F25BF3ECFC62}.Debug|ARM.Build.0 = Debug|Any CPU
		{CB19E5A2-C0B6-42FD-ACEA-F25BF3ECFC62}.Debug|x64.ActiveCfg = Debug|Any CPU
		{CB19E5A2-C0B6-42FD-ACEA-F25BF3ECFC62}.Debug|x64.Build.0 = Debug|Any CPU
		{CB19E5A2-C0B6-42FD-ACEA-F25BF3ECFC62}.Debug|x86.ActiveCfg = Debug|Any CPU
		{CB19E5A2-C0B6-42FD-ACEA-F25BF3ECFC62}.Debug|x86.Build.0 = Debug|Any CPU
		{CB19E5A2-C0B6-42FD-ACEA-F25BF3ECFC62}.Release|Any CPU.ActiveCfg = Release|Any CPU
		{CB19E5A2-C0B6-42FD-ACEA-F25BF3ECFC62}.Release|Any CPU.Build.0 = Release|Any CPU
		{CB19E5A2-C0B6-42FD-ACEA-F25BF3ECFC62}.Release|ARM.ActiveCfg = Release|Any CPU
		{CB19E5A2-C0B6-42FD-ACEA-F25BF3ECFC62}.Release|ARM.Build.0 = Release|Any CPU
		{CB19E5A2-C0B6-42FD-ACEA-F25BF3ECFC62}.Release|x64.ActiveCfg = Release|Any CPU
		{CB19E5A2-C0B6-42FD-ACEA-F25BF3ECFC62}.Release|x64.Build.0 = Release|Any CPU
		{CB19E5A2-C0B6-42FD-ACEA-F25BF3ECFC62}.Release|x86.ActiveCfg = Release|Any CPU
		{CB19E5A2-C0B6-42FD-ACEA-F25BF3ECFC62}.Release|x86.Build.0 = Release|Any CPU
	EndGlobalSection
	GlobalSection(SolutionProperties) = preSolution
		HideSolutionNode = FALSE
	EndGlobalSection
	GlobalSection(MonoDevelopProperties) = preSolution
		version = 1.0.0.0
	EndGlobalSection
EndGlobal
