
Microsoft Visual Studio Solution File, Format Version 12.00
# Visual Studio 2012
Project("{D954291E-2A0B-460D-934E-DC6B0785DB48}") = "Shared", "SafeNotebooks\Shared\Shared.shproj", "{AEFFE31C-AB11-413B-B623-C439936ADB57}"
EndProject
Project("{FAE04EC0-301F-11D3-BF4B-00C04F79EFBC}") = "iOS", "SafeNotebooks\iOS\iOS.csproj", "{7A7B9809-0096-4335-95CD-33809A289604}"
EndProject
Project("{FAE04EC0-301F-11D3-BF4B-00C04F79EFBC}") = "Droid", "SafeNotebooks\Droid\Droid.csproj", "{E91DD25D-EE76-4F97-8689-DF007B20A6C7}"
EndProject
Project("{D954291E-2A0B-460D-934E-DC6B0785DB48}") = "pbXForms", "pbXForms\pbXForms.shproj", "{2EC89D71-92C3-4121-801C-2975C54C7135}"
EndProject
Project("{FAE04EC0-301F-11D3-BF4B-00C04F79EFBC}") = "Mac", "SafeNotebooks\Mac\Mac.csproj", "{7F4FAECE-5E0E-488D-9F5B-3C85B34C9B69}"
EndProject
Project("{D954291E-2A0B-460D-934E-DC6B0785DB48}") = "pbXSecurity", "pbXSecurity\pbXSecurity.shproj", "{10EBD9BF-4B9F-4130-BE8F-5C245D3B5C37}"
EndProject
Project("{D954291E-2A0B-460D-934E-DC6B0785DB48}") = "pbXNet", "pbXNet\pbXNet.shproj", "{0F24CC4F-7A9B-4835-8F00-4DC291773539}"
EndProject
Project("{FAE04EC0-301F-11D3-BF4B-00C04F79EFBC}") = "Texts", "SafeNotebooks\Texts\Texts.csproj", "{BD23F900-50B7-4714-98C1-D1A192C1E939}"
EndProject
Project("{2150E333-8FDC-42A3-9474-1A3956D46DE8}") = "SafeNotebooks", "SafeNotebooks", "{10188AD9-552B-432F-9546-3DEBA210BEBF}"
EndProject
Global
	GlobalSection(SolutionConfigurationPlatforms) = preSolution
		Debug|iPhoneSimulator = Debug|iPhoneSimulator
		Release|iPhone = Release|iPhone
		Release|iPhoneSimulator = Release|iPhoneSimulator
		Debug|iPhone = Debug|iPhone
		Debug|Any CPU = Debug|Any CPU
		Release|Any CPU = Release|Any CPU
	EndGlobalSection
	GlobalSection(ProjectConfigurationPlatforms) = postSolution
		{7A7B9809-0096-4335-95CD-33809A289604}.Debug|iPhoneSimulator.ActiveCfg = Debug|iPhoneSimulator
		{7A7B9809-0096-4335-95CD-33809A289604}.Debug|iPhoneSimulator.Build.0 = Debug|iPhoneSimulator
		{7A7B9809-0096-4335-95CD-33809A289604}.Release|iPhone.ActiveCfg = Release|iPhone
		{7A7B9809-0096-4335-95CD-33809A289604}.Release|iPhone.Build.0 = Release|iPhone
		{7A7B9809-0096-4335-95CD-33809A289604}.Release|iPhoneSimulator.ActiveCfg = Release|iPhoneSimulator
		{7A7B9809-0096-4335-95CD-33809A289604}.Release|iPhoneSimulator.Build.0 = Release|iPhoneSimulator
		{7A7B9809-0096-4335-95CD-33809A289604}.Debug|iPhone.ActiveCfg = Debug|iPhone
		{7A7B9809-0096-4335-95CD-33809A289604}.Debug|iPhone.Build.0 = Debug|iPhone
		{7A7B9809-0096-4335-95CD-33809A289604}.Debug|Any CPU.ActiveCfg = Debug|iPhoneSimulator
		{7A7B9809-0096-4335-95CD-33809A289604}.Debug|Any CPU.Build.0 = Debug|iPhoneSimulator
		{7A7B9809-0096-4335-95CD-33809A289604}.Release|Any CPU.ActiveCfg = Release|iPhone
		{7A7B9809-0096-4335-95CD-33809A289604}.Release|Any CPU.Build.0 = Release|iPhone
		{E91DD25D-EE76-4F97-8689-DF007B20A6C7}.Debug|iPhoneSimulator.ActiveCfg = Debug|Any CPU
		{E91DD25D-EE76-4F97-8689-DF007B20A6C7}.Debug|iPhoneSimulator.Build.0 = Debug|Any CPU
		{E91DD25D-EE76-4F97-8689-DF007B20A6C7}.Release|iPhone.ActiveCfg = Release|Any CPU
		{E91DD25D-EE76-4F97-8689-DF007B20A6C7}.Release|iPhone.Build.0 = Release|Any CPU
		{E91DD25D-EE76-4F97-8689-DF007B20A6C7}.Release|iPhoneSimulator.ActiveCfg = Release|Any CPU
		{E91DD25D-EE76-4F97-8689-DF007B20A6C7}.Release|iPhoneSimulator.Build.0 = Release|Any CPU
		{E91DD25D-EE76-4F97-8689-DF007B20A6C7}.Debug|iPhone.ActiveCfg = Debug|Any CPU
		{E91DD25D-EE76-4F97-8689-DF007B20A6C7}.Debug|iPhone.Build.0 = Debug|Any CPU
		{E91DD25D-EE76-4F97-8689-DF007B20A6C7}.Debug|Any CPU.ActiveCfg = Debug|Any CPU
		{E91DD25D-EE76-4F97-8689-DF007B20A6C7}.Debug|Any CPU.Build.0 = Debug|Any CPU
		{E91DD25D-EE76-4F97-8689-DF007B20A6C7}.Release|Any CPU.ActiveCfg = Release|Any CPU
		{E91DD25D-EE76-4F97-8689-DF007B20A6C7}.Release|Any CPU.Build.0 = Release|Any CPU
		{7F4FAECE-5E0E-488D-9F5B-3C85B34C9B69}.Debug|iPhoneSimulator.ActiveCfg = Debug|iPhoneSimulator
		{7F4FAECE-5E0E-488D-9F5B-3C85B34C9B69}.Debug|iPhoneSimulator.Build.0 = Debug|iPhoneSimulator
		{7F4FAECE-5E0E-488D-9F5B-3C85B34C9B69}.Release|iPhone.ActiveCfg = Release|iPhoneSimulator
		{7F4FAECE-5E0E-488D-9F5B-3C85B34C9B69}.Release|iPhone.Build.0 = Release|iPhoneSimulator
		{7F4FAECE-5E0E-488D-9F5B-3C85B34C9B69}.Release|iPhoneSimulator.ActiveCfg = Release|iPhoneSimulator
		{7F4FAECE-5E0E-488D-9F5B-3C85B34C9B69}.Release|iPhoneSimulator.Build.0 = Release|iPhoneSimulator
		{7F4FAECE-5E0E-488D-9F5B-3C85B34C9B69}.Debug|iPhone.ActiveCfg = Debug|iPhoneSimulator
		{7F4FAECE-5E0E-488D-9F5B-3C85B34C9B69}.Debug|iPhone.Build.0 = Debug|iPhoneSimulator
		{7F4FAECE-5E0E-488D-9F5B-3C85B34C9B69}.Debug|Any CPU.ActiveCfg = Debug|iPhoneSimulator
		{7F4FAECE-5E0E-488D-9F5B-3C85B34C9B69}.Debug|Any CPU.Build.0 = Debug|iPhoneSimulator
		{7F4FAECE-5E0E-488D-9F5B-3C85B34C9B69}.Release|Any CPU.ActiveCfg = Release|iPhoneSimulator
		{7F4FAECE-5E0E-488D-9F5B-3C85B34C9B69}.Release|Any CPU.Build.0 = Release|iPhoneSimulator
		{BD23F900-50B7-4714-98C1-D1A192C1E939}.Debug|iPhoneSimulator.ActiveCfg = Debug|Any CPU
		{BD23F900-50B7-4714-98C1-D1A192C1E939}.Debug|iPhoneSimulator.Build.0 = Debug|Any CPU
		{BD23F900-50B7-4714-98C1-D1A192C1E939}.Release|iPhone.ActiveCfg = Release|Any CPU
		{BD23F900-50B7-4714-98C1-D1A192C1E939}.Release|iPhone.Build.0 = Release|Any CPU
		{BD23F900-50B7-4714-98C1-D1A192C1E939}.Release|iPhoneSimulator.ActiveCfg = Release|Any CPU
		{BD23F900-50B7-4714-98C1-D1A192C1E939}.Release|iPhoneSimulator.Build.0 = Release|Any CPU
		{BD23F900-50B7-4714-98C1-D1A192C1E939}.Debug|iPhone.ActiveCfg = Debug|Any CPU
		{BD23F900-50B7-4714-98C1-D1A192C1E939}.Debug|iPhone.Build.0 = Debug|Any CPU
		{BD23F900-50B7-4714-98C1-D1A192C1E939}.Debug|Any CPU.ActiveCfg = Debug|Any CPU
		{BD23F900-50B7-4714-98C1-D1A192C1E939}.Debug|Any CPU.Build.0 = Debug|Any CPU
		{BD23F900-50B7-4714-98C1-D1A192C1E939}.Release|Any CPU.ActiveCfg = Release|Any CPU
		{BD23F900-50B7-4714-98C1-D1A192C1E939}.Release|Any CPU.Build.0 = Release|Any CPU
	EndGlobalSection
	GlobalSection(MonoDevelopProperties) = preSolution
		Policies = $0
		$0.DotNetNamingPolicy = $1
		$0.VersionControlPolicy = $2
		$0.TextStylePolicy = $3
		$3.inheritsSet = null
		$3.scope = text/x-csharp
		$0.CSharpFormattingPolicy = $4
		$4.NewLinesForBracesInAccessors = False
		$4.scope = text/x-csharp
		$0.TextStylePolicy = $5
		$5.FileWidth = 80
		$5.TabsToSpaces = True
		$5.scope = text/plain
		$0.TextStylePolicy = $6
		$6.inheritsSet = null
		$6.scope = application/xaml+xml
		$0.XmlFormattingPolicy = $7
		$7.inheritsSet = null
		$7.scope = application/xaml+xml
		$0.TextStylePolicy = $8
		$8.FileWidth = 80
		$8.TabsToSpaces = True
		$8.scope = application/xml
		$0.XmlFormattingPolicy = $9
		$9.DefaultFormat = $10
		$10.AttributesInNewLine = True
		$10.MaxAttributesPerLine = 1
		$10.WrapAttributes = True
		$10.AlignAttributes = True
		$10.SpacesBeforeAssignment = 1
		$10.SpacesAfterAssignment = 1
		$10.EmptyLinesAfterStart = 1
		$10.EmptyLinesAfterEnd = 1
		$9.scope = application/xml
		$0.TextStylePolicy = $11
		$11.inheritsSet = null
		$11.scope = application/config+xml
		$0.XmlFormattingPolicy = $12
		$12.inheritsSet = null
		$12.scope = application/config+xml
		$0.TextStylePolicy = $13
		$13.inheritsSet = null
		$13.scope = application/android+xml
		$0.XmlFormattingPolicy = $14
		$14.inheritsSet = null
		$14.scope = application/android+xml
		$0.TextStylePolicy = $15
		$15.inheritsSet = null
		$15.scope = text/x-json
		$0.JSONFormattingPolicy = $16
		$16.AutoStructureCompletion = True
		$16.BracePositions = SemiExpanded
		$16.FormatOnPaste = True
		$16.scope = text/x-json
		$0.TextStylePolicy = $17
		$17.inheritsSet = null
		$17.scope = text/x-web
		$0.TextStylePolicy = $18
		$18.inheritsSet = null
		$18.scope = text/x-vs
		$0.TextStylePolicy = $19
		$19.inheritsSet = null
		$19.scope = application/vnd.apple-xcode-storyboard
		$0.XmlFormattingPolicy = $20
		$20.inheritsSet = null
		$20.scope = application/vnd.apple-xcode-storyboard
		$0.TextStylePolicy = $21
		$21.inheritsSet = null
		$21.scope = text/x-apple-strings
		$0.TextStylePolicy = $22
		$22.inheritsSet = null
		$22.scope = text/microsoft-resx
		$0.XmlFormattingPolicy = $23
		$23.inheritsSet = null
		$23.scope = text/microsoft-resx
		version = 1.0.0
	EndGlobalSection
	GlobalSection(NestedProjects) = preSolution
		{E91DD25D-EE76-4F97-8689-DF007B20A6C7} = {10188AD9-552B-432F-9546-3DEBA210BEBF}
		{7A7B9809-0096-4335-95CD-33809A289604} = {10188AD9-552B-432F-9546-3DEBA210BEBF}
		{7F4FAECE-5E0E-488D-9F5B-3C85B34C9B69} = {10188AD9-552B-432F-9546-3DEBA210BEBF}
		{AEFFE31C-AB11-413B-B623-C439936ADB57} = {10188AD9-552B-432F-9546-3DEBA210BEBF}
		{BD23F900-50B7-4714-98C1-D1A192C1E939} = {10188AD9-552B-432F-9546-3DEBA210BEBF}
	EndGlobalSection
EndGlobal
