Microsoft Visual Studio Solution File, Format Version 12.00
# Visual Studio 15
VisualStudioVersion = 15.0.26430.14
MinimumVisualStudioVersion = 10.0.40219.1
Project("{D954291E-2A0B-460D-934E-DC6B0785DB48}") = "pbXNet.Tests", "pbXNet\pbXNet.Tests.shproj", "{3F753A30-8FDA-4E69-BF4E-A1F0DDB8F4D8}"
EndProject
Project("{FAE04EC0-301F-11D3-BF4B-00C04F79EFBC}") = "pbXNet.Droid", "..\pbXNet.Droid\pbXNet.Droid.csproj", "{09F056D8-6ECD-4398-B06C-AFE32E911B85}"
EndProject
Project("{FAE04EC0-301F-11D3-BF4B-00C04F79EFBC}") = "pbXNet.iOS", "..\pbXNet.iOS\pbXNet.iOS.csproj", "{885C3BD5-106C-47FA-83D1-B86217610C25}"
EndProject
Project("{D954291E-2A0B-460D-934E-DC6B0785DB48}") = "pbXNet.Shared", "..\pbXNet\pbXNet.Shared.shproj", "{0F24CC4F-7A9B-4835-8F00-4DC291773539}"
EndProject
Project("{FAE04EC0-301F-11D3-BF4B-00C04F79EFBC}") = "pbXNet.NET", "..\pbXNet.NET\pbXNet.NET.csproj", "{BA60D111-A7E1-4455-B192-450846976D49}"
EndProject
Project("{FAE04EC0-301F-11D3-BF4B-00C04F79EFBC}") = "NET", "NET\NET.csproj", "{6456BD00-9723-4AD3-8172-6C42B80E16E3}"
EndProject
Project("{FAE04EC0-301F-11D3-BF4B-00C04F79EFBC}") = "UWP", "UWP\UWP.csproj", "{E5835438-6CB8-4AE0-9B99-7EA9002E2B53}"
EndProject
Project("{FAE04EC0-301F-11D3-BF4B-00C04F79EFBC}") = "pbXNet.UWP", "..\pbXNet.UWP\pbXNet.UWP.csproj", "{2BCD8750-CA4E-4E5A-BBC3-29A4FDC8E680}"
EndProject
Project("{FAE04EC0-301F-11D3-BF4B-00C04F79EFBC}") = "iOS", "iOS\iOS.csproj", "{BD82D1E2-67EF-413E-AFB4-D723E45EFE13}"
EndProject
Global
	GlobalSection(SharedMSBuildProjectFiles) = preSolution
		..\pbXNet\pbXNet.Shared.projitems*{0f24cc4f-7a9b-4835-8f00-4dc291773539}*SharedItemsImports = 13
		..\pbXNet\pbXNet.Shared.projitems*{2bcd8750-ca4e-4e5a-bbc3-29a4fdc8e680}*SharedItemsImports = 4
		pbXNet\pbXNet.Tests.projitems*{3f753a30-8fda-4e69-bf4e-a1f0ddb8f4d8}*SharedItemsImports = 13
		pbXNet\pbXNet.Tests.projitems*{6456bd00-9723-4ad3-8172-6c42b80e16e3}*SharedItemsImports = 4
		..\pbXNet\pbXNet.Shared.projitems*{ba60d111-a7e1-4455-b192-450846976d49}*SharedItemsImports = 4
		pbXNet\pbXNet.Tests.projitems*{e5835438-6cb8-4ae0-9b99-7ea9002e2b53}*SharedItemsImports = 4
	EndGlobalSection
	GlobalSection(SolutionConfigurationPlatforms) = preSolution
		Debug|Any CPU = Debug|Any CPU
		Debug|ARM = Debug|ARM
		Debug|iPhone = Debug|iPhone
		Debug|iPhoneSimulator = Debug|iPhoneSimulator
		Debug|x64 = Debug|x64
		Debug|x86 = Debug|x86
		Release|Any CPU = Release|Any CPU
		Release|ARM = Release|ARM
		Release|iPhone = Release|iPhone
		Release|iPhoneSimulator = Release|iPhoneSimulator
		Release|x64 = Release|x64
		Release|x86 = Release|x86
	EndGlobalSection
	GlobalSection(ProjectConfigurationPlatforms) = postSolution
		{09F056D8-6ECD-4398-B06C-AFE32E911B85}.Debug|Any CPU.ActiveCfg = Debug|Any CPU
		{09F056D8-6ECD-4398-B06C-AFE32E911B85}.Debug|ARM.ActiveCfg = Debug|Any CPU
		{09F056D8-6ECD-4398-B06C-AFE32E911B85}.Debug|iPhone.ActiveCfg = Debug|Any CPU
		{09F056D8-6ECD-4398-B06C-AFE32E911B85}.Debug|iPhone.Build.0 = Debug|Any CPU
		{09F056D8-6ECD-4398-B06C-AFE32E911B85}.Debug|iPhoneSimulator.ActiveCfg = Debug|Any CPU
		{09F056D8-6ECD-4398-B06C-AFE32E911B85}.Debug|iPhoneSimulator.Build.0 = Debug|Any CPU
		{09F056D8-6ECD-4398-B06C-AFE32E911B85}.Debug|x64.ActiveCfg = Debug|Any CPU
		{09F056D8-6ECD-4398-B06C-AFE32E911B85}.Debug|x86.ActiveCfg = Debug|Any CPU
		{09F056D8-6ECD-4398-B06C-AFE32E911B85}.Release|Any CPU.ActiveCfg = Release|Any CPU
		{09F056D8-6ECD-4398-B06C-AFE32E911B85}.Release|ARM.ActiveCfg = Release|Any CPU
		{09F056D8-6ECD-4398-B06C-AFE32E911B85}.Release|iPhone.ActiveCfg = Release|Any CPU
		{09F056D8-6ECD-4398-B06C-AFE32E911B85}.Release|iPhone.Build.0 = Release|Any CPU
		{09F056D8-6ECD-4398-B06C-AFE32E911B85}.Release|iPhoneSimulator.ActiveCfg = Release|Any CPU
		{09F056D8-6ECD-4398-B06C-AFE32E911B85}.Release|iPhoneSimulator.Build.0 = Release|Any CPU
		{09F056D8-6ECD-4398-B06C-AFE32E911B85}.Release|x64.ActiveCfg = Release|Any CPU
		{09F056D8-6ECD-4398-B06C-AFE32E911B85}.Release|x86.ActiveCfg = Release|Any CPU
		{885C3BD5-106C-47FA-83D1-B86217610C25}.Debug|Any CPU.ActiveCfg = Debug|Any CPU
		{885C3BD5-106C-47FA-83D1-B86217610C25}.Debug|ARM.ActiveCfg = Debug|Any CPU
		{885C3BD5-106C-47FA-83D1-B86217610C25}.Debug|iPhone.ActiveCfg = Debug|Any CPU
		{885C3BD5-106C-47FA-83D1-B86217610C25}.Debug|iPhone.Build.0 = Debug|Any CPU
		{885C3BD5-106C-47FA-83D1-B86217610C25}.Debug|iPhoneSimulator.ActiveCfg = Debug|Any CPU
		{885C3BD5-106C-47FA-83D1-B86217610C25}.Debug|iPhoneSimulator.Build.0 = Debug|Any CPU
		{885C3BD5-106C-47FA-83D1-B86217610C25}.Debug|x64.ActiveCfg = Debug|Any CPU
		{885C3BD5-106C-47FA-83D1-B86217610C25}.Debug|x86.ActiveCfg = Debug|Any CPU
		{885C3BD5-106C-47FA-83D1-B86217610C25}.Release|Any CPU.ActiveCfg = Release|Any CPU
		{885C3BD5-106C-47FA-83D1-B86217610C25}.Release|ARM.ActiveCfg = Release|Any CPU
		{885C3BD5-106C-47FA-83D1-B86217610C25}.Release|iPhone.ActiveCfg = Release|Any CPU
		{885C3BD5-106C-47FA-83D1-B86217610C25}.Release|iPhone.Build.0 = Release|Any CPU
		{885C3BD5-106C-47FA-83D1-B86217610C25}.Release|iPhoneSimulator.ActiveCfg = Release|Any CPU
		{885C3BD5-106C-47FA-83D1-B86217610C25}.Release|iPhoneSimulator.Build.0 = Release|Any CPU
		{885C3BD5-106C-47FA-83D1-B86217610C25}.Release|x64.ActiveCfg = Release|Any CPU
		{885C3BD5-106C-47FA-83D1-B86217610C25}.Release|x86.ActiveCfg = Release|Any CPU
		{BA60D111-A7E1-4455-B192-450846976D49}.Debug|Any CPU.ActiveCfg = Debug|Any CPU
		{BA60D111-A7E1-4455-B192-450846976D49}.Debug|Any CPU.Build.0 = Debug|Any CPU
		{BA60D111-A7E1-4455-B192-450846976D49}.Debug|ARM.ActiveCfg = Debug|Any CPU
		{BA60D111-A7E1-4455-B192-450846976D49}.Debug|ARM.Build.0 = Debug|Any CPU
		{BA60D111-A7E1-4455-B192-450846976D49}.Debug|iPhone.ActiveCfg = Debug|Any CPU
		{BA60D111-A7E1-4455-B192-450846976D49}.Debug|iPhone.Build.0 = Debug|Any CPU
		{BA60D111-A7E1-4455-B192-450846976D49}.Debug|iPhoneSimulator.ActiveCfg = Debug|Any CPU
		{BA60D111-A7E1-4455-B192-450846976D49}.Debug|iPhoneSimulator.Build.0 = Debug|Any CPU
		{BA60D111-A7E1-4455-B192-450846976D49}.Debug|x64.ActiveCfg = Debug|Any CPU
		{BA60D111-A7E1-4455-B192-450846976D49}.Debug|x64.Build.0 = Debug|Any CPU
		{BA60D111-A7E1-4455-B192-450846976D49}.Debug|x86.ActiveCfg = Debug|Any CPU
		{BA60D111-A7E1-4455-B192-450846976D49}.Debug|x86.Build.0 = Debug|Any CPU
		{BA60D111-A7E1-4455-B192-450846976D49}.Release|Any CPU.ActiveCfg = Release|Any CPU
		{BA60D111-A7E1-4455-B192-450846976D49}.Release|Any CPU.Build.0 = Release|Any CPU
		{BA60D111-A7E1-4455-B192-450846976D49}.Release|ARM.ActiveCfg = Release|Any CPU
		{BA60D111-A7E1-4455-B192-450846976D49}.Release|ARM.Build.0 = Release|Any CPU
		{BA60D111-A7E1-4455-B192-450846976D49}.Release|iPhone.ActiveCfg = Release|Any CPU
		{BA60D111-A7E1-4455-B192-450846976D49}.Release|iPhone.Build.0 = Release|Any CPU
		{BA60D111-A7E1-4455-B192-450846976D49}.Release|iPhoneSimulator.ActiveCfg = Release|Any CPU
		{BA60D111-A7E1-4455-B192-450846976D49}.Release|iPhoneSimulator.Build.0 = Release|Any CPU
		{BA60D111-A7E1-4455-B192-450846976D49}.Release|x64.ActiveCfg = Release|Any CPU
		{BA60D111-A7E1-4455-B192-450846976D49}.Release|x64.Build.0 = Release|Any CPU
		{BA60D111-A7E1-4455-B192-450846976D49}.Release|x86.ActiveCfg = Release|Any CPU
		{BA60D111-A7E1-4455-B192-450846976D49}.Release|x86.Build.0 = Release|Any CPU
		{6456BD00-9723-4AD3-8172-6C42B80E16E3}.Debug|Any CPU.ActiveCfg = Debug|Any CPU
		{6456BD00-9723-4AD3-8172-6C42B80E16E3}.Debug|Any CPU.Build.0 = Debug|Any CPU
		{6456BD00-9723-4AD3-8172-6C42B80E16E3}.Debug|ARM.ActiveCfg = Debug|Any CPU
		{6456BD00-9723-4AD3-8172-6C42B80E16E3}.Debug|ARM.Build.0 = Debug|Any CPU
		{6456BD00-9723-4AD3-8172-6C42B80E16E3}.Debug|iPhone.ActiveCfg = Debug|Any CPU
		{6456BD00-9723-4AD3-8172-6C42B80E16E3}.Debug|iPhone.Build.0 = Debug|Any CPU
		{6456BD00-9723-4AD3-8172-6C42B80E16E3}.Debug|iPhoneSimulator.ActiveCfg = Debug|Any CPU
		{6456BD00-9723-4AD3-8172-6C42B80E16E3}.Debug|iPhoneSimulator.Build.0 = Debug|Any CPU
		{6456BD00-9723-4AD3-8172-6C42B80E16E3}.Debug|x64.ActiveCfg = Debug|Any CPU
		{6456BD00-9723-4AD3-8172-6C42B80E16E3}.Debug|x64.Build.0 = Debug|Any CPU
		{6456BD00-9723-4AD3-8172-6C42B80E16E3}.Debug|x86.ActiveCfg = Debug|Any CPU
		{6456BD00-9723-4AD3-8172-6C42B80E16E3}.Debug|x86.Build.0 = Debug|Any CPU
		{6456BD00-9723-4AD3-8172-6C42B80E16E3}.Release|Any CPU.ActiveCfg = Release|Any CPU
		{6456BD00-9723-4AD3-8172-6C42B80E16E3}.Release|Any CPU.Build.0 = Release|Any CPU
		{6456BD00-9723-4AD3-8172-6C42B80E16E3}.Release|ARM.ActiveCfg = Release|Any CPU
		{6456BD00-9723-4AD3-8172-6C42B80E16E3}.Release|ARM.Build.0 = Release|Any CPU
		{6456BD00-9723-4AD3-8172-6C42B80E16E3}.Release|iPhone.ActiveCfg = Release|Any CPU
		{6456BD00-9723-4AD3-8172-6C42B80E16E3}.Release|iPhone.Build.0 = Release|Any CPU
		{6456BD00-9723-4AD3-8172-6C42B80E16E3}.Release|iPhoneSimulator.ActiveCfg = Release|Any CPU
		{6456BD00-9723-4AD3-8172-6C42B80E16E3}.Release|iPhoneSimulator.Build.0 = Release|Any CPU
		{6456BD00-9723-4AD3-8172-6C42B80E16E3}.Release|x64.ActiveCfg = Release|Any CPU
		{6456BD00-9723-4AD3-8172-6C42B80E16E3}.Release|x64.Build.0 = Release|Any CPU
		{6456BD00-9723-4AD3-8172-6C42B80E16E3}.Release|x86.ActiveCfg = Release|Any CPU
		{6456BD00-9723-4AD3-8172-6C42B80E16E3}.Release|x86.Build.0 = Release|Any CPU
		{E5835438-6CB8-4AE0-9B99-7EA9002E2B53}.Debug|Any CPU.ActiveCfg = Debug|x86
		{E5835438-6CB8-4AE0-9B99-7EA9002E2B53}.Debug|Any CPU.Build.0 = Debug|x86
		{E5835438-6CB8-4AE0-9B99-7EA9002E2B53}.Debug|Any CPU.Deploy.0 = Debug|x86
		{E5835438-6CB8-4AE0-9B99-7EA9002E2B53}.Debug|ARM.ActiveCfg = Debug|ARM
		{E5835438-6CB8-4AE0-9B99-7EA9002E2B53}.Debug|ARM.Build.0 = Debug|ARM
		{E5835438-6CB8-4AE0-9B99-7EA9002E2B53}.Debug|ARM.Deploy.0 = Debug|ARM
		{E5835438-6CB8-4AE0-9B99-7EA9002E2B53}.Debug|iPhone.ActiveCfg = Debug|x86
		{E5835438-6CB8-4AE0-9B99-7EA9002E2B53}.Debug|iPhoneSimulator.ActiveCfg = Debug|x86
		{E5835438-6CB8-4AE0-9B99-7EA9002E2B53}.Debug|x64.ActiveCfg = Debug|x64
		{E5835438-6CB8-4AE0-9B99-7EA9002E2B53}.Debug|x64.Build.0 = Debug|x64
		{E5835438-6CB8-4AE0-9B99-7EA9002E2B53}.Debug|x64.Deploy.0 = Debug|x64
		{E5835438-6CB8-4AE0-9B99-7EA9002E2B53}.Debug|x86.ActiveCfg = Debug|x86
		{E5835438-6CB8-4AE0-9B99-7EA9002E2B53}.Debug|x86.Build.0 = Debug|x86
		{E5835438-6CB8-4AE0-9B99-7EA9002E2B53}.Debug|x86.Deploy.0 = Debug|x86
		{E5835438-6CB8-4AE0-9B99-7EA9002E2B53}.Release|Any CPU.ActiveCfg = Release|x86
		{E5835438-6CB8-4AE0-9B99-7EA9002E2B53}.Release|Any CPU.Build.0 = Release|x86
		{E5835438-6CB8-4AE0-9B99-7EA9002E2B53}.Release|Any CPU.Deploy.0 = Release|x86
		{E5835438-6CB8-4AE0-9B99-7EA9002E2B53}.Release|ARM.ActiveCfg = Release|ARM
		{E5835438-6CB8-4AE0-9B99-7EA9002E2B53}.Release|ARM.Build.0 = Release|ARM
		{E5835438-6CB8-4AE0-9B99-7EA9002E2B53}.Release|ARM.Deploy.0 = Release|ARM
		{E5835438-6CB8-4AE0-9B99-7EA9002E2B53}.Release|iPhone.ActiveCfg = Release|x86
		{E5835438-6CB8-4AE0-9B99-7EA9002E2B53}.Release|iPhoneSimulator.ActiveCfg = Release|x86
		{E5835438-6CB8-4AE0-9B99-7EA9002E2B53}.Release|x64.ActiveCfg = Release|x64
		{E5835438-6CB8-4AE0-9B99-7EA9002E2B53}.Release|x64.Build.0 = Release|x64
		{E5835438-6CB8-4AE0-9B99-7EA9002E2B53}.Release|x64.Deploy.0 = Release|x64
		{E5835438-6CB8-4AE0-9B99-7EA9002E2B53}.Release|x86.ActiveCfg = Release|x86
		{E5835438-6CB8-4AE0-9B99-7EA9002E2B53}.Release|x86.Build.0 = Release|x86
		{E5835438-6CB8-4AE0-9B99-7EA9002E2B53}.Release|x86.Deploy.0 = Release|x86
		{2BCD8750-CA4E-4E5A-BBC3-29A4FDC8E680}.Debug|Any CPU.ActiveCfg = Debug|Any CPU
		{2BCD8750-CA4E-4E5A-BBC3-29A4FDC8E680}.Debug|Any CPU.Build.0 = Debug|Any CPU
		{2BCD8750-CA4E-4E5A-BBC3-29A4FDC8E680}.Debug|ARM.ActiveCfg = Debug|ARM
		{2BCD8750-CA4E-4E5A-BBC3-29A4FDC8E680}.Debug|ARM.Build.0 = Debug|ARM
		{2BCD8750-CA4E-4E5A-BBC3-29A4FDC8E680}.Debug|iPhone.ActiveCfg = Debug|Any CPU
		{2BCD8750-CA4E-4E5A-BBC3-29A4FDC8E680}.Debug|iPhone.Build.0 = Debug|Any CPU
		{2BCD8750-CA4E-4E5A-BBC3-29A4FDC8E680}.Debug|iPhoneSimulator.ActiveCfg = Debug|Any CPU
		{2BCD8750-CA4E-4E5A-BBC3-29A4FDC8E680}.Debug|iPhoneSimulator.Build.0 = Debug|Any CPU
		{2BCD8750-CA4E-4E5A-BBC3-29A4FDC8E680}.Debug|x64.ActiveCfg = Debug|x64
		{2BCD8750-CA4E-4E5A-BBC3-29A4FDC8E680}.Debug|x64.Build.0 = Debug|x64
		{2BCD8750-CA4E-4E5A-BBC3-29A4FDC8E680}.Debug|x86.ActiveCfg = Debug|x86
		{2BCD8750-CA4E-4E5A-BBC3-29A4FDC8E680}.Debug|x86.Build.0 = Debug|x86
		{2BCD8750-CA4E-4E5A-BBC3-29A4FDC8E680}.Release|Any CPU.ActiveCfg = Release|Any CPU
		{2BCD8750-CA4E-4E5A-BBC3-29A4FDC8E680}.Release|Any CPU.Build.0 = Release|Any CPU
		{2BCD8750-CA4E-4E5A-BBC3-29A4FDC8E680}.Release|ARM.ActiveCfg = Release|ARM
		{2BCD8750-CA4E-4E5A-BBC3-29A4FDC8E680}.Release|ARM.Build.0 = Release|ARM
		{2BCD8750-CA4E-4E5A-BBC3-29A4FDC8E680}.Release|iPhone.ActiveCfg = Release|Any CPU
		{2BCD8750-CA4E-4E5A-BBC3-29A4FDC8E680}.Release|iPhone.Build.0 = Release|Any CPU
		{2BCD8750-CA4E-4E5A-BBC3-29A4FDC8E680}.Release|iPhoneSimulator.ActiveCfg = Release|Any CPU
		{2BCD8750-CA4E-4E5A-BBC3-29A4FDC8E680}.Release|iPhoneSimulator.Build.0 = Release|Any CPU
		{2BCD8750-CA4E-4E5A-BBC3-29A4FDC8E680}.Release|x64.ActiveCfg = Release|x64
		{2BCD8750-CA4E-4E5A-BBC3-29A4FDC8E680}.Release|x64.Build.0 = Release|x64
		{2BCD8750-CA4E-4E5A-BBC3-29A4FDC8E680}.Release|x86.ActiveCfg = Release|x86
		{2BCD8750-CA4E-4E5A-BBC3-29A4FDC8E680}.Release|x86.Build.0 = Release|x86
		{BD82D1E2-67EF-413E-AFB4-D723E45EFE13}.Debug|Any CPU.ActiveCfg = Debug|iPhoneSimulator
		{BD82D1E2-67EF-413E-AFB4-D723E45EFE13}.Debug|Any CPU.Build.0 = Debug|iPhoneSimulator
		{BD82D1E2-67EF-413E-AFB4-D723E45EFE13}.Debug|ARM.ActiveCfg = Debug|iPhoneSimulator
		{BD82D1E2-67EF-413E-AFB4-D723E45EFE13}.Debug|ARM.Build.0 = Debug|iPhoneSimulator
		{BD82D1E2-67EF-413E-AFB4-D723E45EFE13}.Debug|iPhone.ActiveCfg = Debug|iPhone
		{BD82D1E2-67EF-413E-AFB4-D723E45EFE13}.Debug|iPhone.Build.0 = Debug|iPhone
		{BD82D1E2-67EF-413E-AFB4-D723E45EFE13}.Debug|iPhoneSimulator.ActiveCfg = Debug|iPhoneSimulator
		{BD82D1E2-67EF-413E-AFB4-D723E45EFE13}.Debug|iPhoneSimulator.Build.0 = Debug|iPhoneSimulator
		{BD82D1E2-67EF-413E-AFB4-D723E45EFE13}.Debug|x64.ActiveCfg = Debug|iPhoneSimulator
		{BD82D1E2-67EF-413E-AFB4-D723E45EFE13}.Debug|x64.Build.0 = Debug|iPhoneSimulator
		{BD82D1E2-67EF-413E-AFB4-D723E45EFE13}.Debug|x86.ActiveCfg = Debug|iPhoneSimulator
		{BD82D1E2-67EF-413E-AFB4-D723E45EFE13}.Debug|x86.Build.0 = Debug|iPhoneSimulator
		{BD82D1E2-67EF-413E-AFB4-D723E45EFE13}.Release|Any CPU.ActiveCfg = Release|iPhone
		{BD82D1E2-67EF-413E-AFB4-D723E45EFE13}.Release|Any CPU.Build.0 = Release|iPhone
		{BD82D1E2-67EF-413E-AFB4-D723E45EFE13}.Release|ARM.ActiveCfg = Release|iPhone
		{BD82D1E2-67EF-413E-AFB4-D723E45EFE13}.Release|ARM.Build.0 = Release|iPhone
		{BD82D1E2-67EF-413E-AFB4-D723E45EFE13}.Release|iPhone.ActiveCfg = Release|iPhone
		{BD82D1E2-67EF-413E-AFB4-D723E45EFE13}.Release|iPhone.Build.0 = Release|iPhone
		{BD82D1E2-67EF-413E-AFB4-D723E45EFE13}.Release|iPhoneSimulator.ActiveCfg = Release|iPhoneSimulator
		{BD82D1E2-67EF-413E-AFB4-D723E45EFE13}.Release|iPhoneSimulator.Build.0 = Release|iPhoneSimulator
		{BD82D1E2-67EF-413E-AFB4-D723E45EFE13}.Release|x64.ActiveCfg = Release|iPhone
		{BD82D1E2-67EF-413E-AFB4-D723E45EFE13}.Release|x64.Build.0 = Release|iPhone
		{BD82D1E2-67EF-413E-AFB4-D723E45EFE13}.Release|x86.ActiveCfg = Release|iPhone
		{BD82D1E2-67EF-413E-AFB4-D723E45EFE13}.Release|x86.Build.0 = Release|iPhone
	EndGlobalSection
	GlobalSection(SolutionProperties) = preSolution
		HideSolutionNode = FALSE
	EndGlobalSection
	GlobalSection(MonoDevelopProperties) = preSolution
		Policies = $0
		$0.TextStylePolicy = $11
	EndGlobalSection
EndGlobal
