
Microsoft Visual Studio Solution File, Format Version 12.00
# Visual Studio 15
VisualStudioVersion = 15.0.26430.13
MinimumVisualStudioVersion = 10.0.40219.1
Project("{D954291E-2A0B-460D-934E-DC6B0785DB48}") = "MDP", "MDP\MDP\MDP.shproj", "{C19383A3-00BC-444F-8BC0-7E9B75B24D8A}"
EndProject
Project("{FAE04EC0-301F-11D3-BF4B-00C04F79EFBC}") = "MDP.Android", "MDP\MDP.Android\MDP.Android.csproj", "{3163C816-8432-46D3-BFBC-7B2D09B22A5C}"
EndProject
Project("{FAE04EC0-301F-11D3-BF4B-00C04F79EFBC}") = "MDP.iOS", "MDP\MDP.iOS\MDP.iOS.csproj", "{21AA2A90-4D1D-40F0-A5B0-51F861CF281C}"
EndProject
Project("{FAE04EC0-301F-11D3-BF4B-00C04F79EFBC}") = "MDP.UWP", "MDP\MDP.UWP\MDP.UWP.csproj", "{A0E18C3A-2F17-4F16-8215-538859113409}"
EndProject
Project("{FAE04EC0-301F-11D3-BF4B-00C04F79EFBC}") = "pbXForms.UWP", "..\pbXForms.UWP\pbXForms.UWP.csproj", "{55400609-5FB0-4825-9104-4D8C586688D5}"
EndProject
Project("{FAE04EC0-301F-11D3-BF4B-00C04F79EFBC}") = "pbXForms.iOS", "..\pbXForms.iOS\pbXForms.iOS.csproj", "{1E8F6F65-6007-4717-B210-C3554873F37A}"
EndProject
Project("{FAE04EC0-301F-11D3-BF4B-00C04F79EFBC}") = "pbXForms.Droid", "..\pbXForms.Droid\pbXForms.Droid.csproj", "{D4DEE17B-27B9-4BF3-8868-76197F53EB6D}"
EndProject
Global
	GlobalSection(SharedMSBuildProjectFiles) = preSolution
		..\pbXForms\pbXForms.Shared.projitems*{1e8f6f65-6007-4717-b210-c3554873f37a}*SharedItemsImports = 4
		MDP\MDP\MDP.projitems*{21aa2a90-4d1d-40f0-a5b0-51f861cf281c}*SharedItemsImports = 4
		MDP\MDP\MDP.projitems*{3163c816-8432-46d3-bfbc-7b2d09b22a5c}*SharedItemsImports = 4
		..\pbXForms\pbXForms.Shared.projitems*{55400609-5fb0-4825-9104-4d8c586688d5}*SharedItemsImports = 4
		MDP\MDP\MDP.projitems*{a0e18c3a-2f17-4f16-8215-538859113409}*SharedItemsImports = 4
		MDP\MDP\MDP.projitems*{c19383a3-00bc-444f-8bc0-7e9b75b24d8a}*SharedItemsImports = 13
		..\pbXForms\pbXForms.Shared.projitems*{d4dee17b-27b9-4bf3-8868-76197f53eb6d}*SharedItemsImports = 4
	EndGlobalSection
	GlobalSection(SolutionConfigurationPlatforms) = preSolution
		Ad-Hoc|Any CPU = Ad-Hoc|Any CPU
		Ad-Hoc|ARM = Ad-Hoc|ARM
		Ad-Hoc|iPhone = Ad-Hoc|iPhone
		Ad-Hoc|iPhoneSimulator = Ad-Hoc|iPhoneSimulator
		Ad-Hoc|x64 = Ad-Hoc|x64
		Ad-Hoc|x86 = Ad-Hoc|x86
		AppStore|Any CPU = AppStore|Any CPU
		AppStore|ARM = AppStore|ARM
		AppStore|iPhone = AppStore|iPhone
		AppStore|iPhoneSimulator = AppStore|iPhoneSimulator
		AppStore|x64 = AppStore|x64
		AppStore|x86 = AppStore|x86
		Debug|Any CPU = Debug|Any CPU
		Debug|ARM = Debug|ARM
		Debug|iPhone = Debug|iPhone
		Debug|iPhoneSimulator = Debug|iPhoneSimulator
		Debug|x64 = Debug|x64
		Debug|x86 = Debug|x86
		Release|Any CPU = Release|Any CPU
		Release|ARM = Release|ARM
		Release|iPhone = Release|iPhone
		Release|iPhoneSimulator = Release|iPhoneSimulator
		Release|x64 = Release|x64
		Release|x86 = Release|x86
	EndGlobalSection
	GlobalSection(ProjectConfigurationPlatforms) = postSolution
		{3163C816-8432-46D3-BFBC-7B2D09B22A5C}.Ad-Hoc|Any CPU.ActiveCfg = Release|Any CPU
		{3163C816-8432-46D3-BFBC-7B2D09B22A5C}.Ad-Hoc|Any CPU.Build.0 = Release|Any CPU
		{3163C816-8432-46D3-BFBC-7B2D09B22A5C}.Ad-Hoc|Any CPU.Deploy.0 = Release|Any CPU
		{3163C816-8432-46D3-BFBC-7B2D09B22A5C}.Ad-Hoc|ARM.ActiveCfg = Release|Any CPU
		{3163C816-8432-46D3-BFBC-7B2D09B22A5C}.Ad-Hoc|ARM.Build.0 = Release|Any CPU
		{3163C816-8432-46D3-BFBC-7B2D09B22A5C}.Ad-Hoc|ARM.Deploy.0 = Release|Any CPU
		{3163C816-8432-46D3-BFBC-7B2D09B22A5C}.Ad-Hoc|iPhone.ActiveCfg = Release|Any CPU
		{3163C816-8432-46D3-BFBC-7B2D09B22A5C}.Ad-Hoc|iPhone.Build.0 = Release|Any CPU
		{3163C816-8432-46D3-BFBC-7B2D09B22A5C}.Ad-Hoc|iPhone.Deploy.0 = Release|Any CPU
		{3163C816-8432-46D3-BFBC-7B2D09B22A5C}.Ad-Hoc|iPhoneSimulator.ActiveCfg = Release|Any CPU
		{3163C816-8432-46D3-BFBC-7B2D09B22A5C}.Ad-Hoc|iPhoneSimulator.Build.0 = Release|Any CPU
		{3163C816-8432-46D3-BFBC-7B2D09B22A5C}.Ad-Hoc|iPhoneSimulator.Deploy.0 = Release|Any CPU
		{3163C816-8432-46D3-BFBC-7B2D09B22A5C}.Ad-Hoc|x64.ActiveCfg = Release|Any CPU
		{3163C816-8432-46D3-BFBC-7B2D09B22A5C}.Ad-Hoc|x64.Build.0 = Release|Any CPU
		{3163C816-8432-46D3-BFBC-7B2D09B22A5C}.Ad-Hoc|x64.Deploy.0 = Release|Any CPU
		{3163C816-8432-46D3-BFBC-7B2D09B22A5C}.Ad-Hoc|x86.ActiveCfg = Release|Any CPU
		{3163C816-8432-46D3-BFBC-7B2D09B22A5C}.Ad-Hoc|x86.Build.0 = Release|Any CPU
		{3163C816-8432-46D3-BFBC-7B2D09B22A5C}.Ad-Hoc|x86.Deploy.0 = Release|Any CPU
		{3163C816-8432-46D3-BFBC-7B2D09B22A5C}.AppStore|Any CPU.ActiveCfg = Release|Any CPU
		{3163C816-8432-46D3-BFBC-7B2D09B22A5C}.AppStore|Any CPU.Build.0 = Release|Any CPU
		{3163C816-8432-46D3-BFBC-7B2D09B22A5C}.AppStore|Any CPU.Deploy.0 = Release|Any CPU
		{3163C816-8432-46D3-BFBC-7B2D09B22A5C}.AppStore|ARM.ActiveCfg = Release|Any CPU
		{3163C816-8432-46D3-BFBC-7B2D09B22A5C}.AppStore|ARM.Build.0 = Release|Any CPU
		{3163C816-8432-46D3-BFBC-7B2D09B22A5C}.AppStore|ARM.Deploy.0 = Release|Any CPU
		{3163C816-8432-46D3-BFBC-7B2D09B22A5C}.AppStore|iPhone.ActiveCfg = Release|Any CPU
		{3163C816-8432-46D3-BFBC-7B2D09B22A5C}.AppStore|iPhone.Build.0 = Release|Any CPU
		{3163C816-8432-46D3-BFBC-7B2D09B22A5C}.AppStore|iPhone.Deploy.0 = Release|Any CPU
		{3163C816-8432-46D3-BFBC-7B2D09B22A5C}.AppStore|iPhoneSimulator.ActiveCfg = Release|Any CPU
		{3163C816-8432-46D3-BFBC-7B2D09B22A5C}.AppStore|iPhoneSimulator.Build.0 = Release|Any CPU
		{3163C816-8432-46D3-BFBC-7B2D09B22A5C}.AppStore|iPhoneSimulator.Deploy.0 = Release|Any CPU
		{3163C816-8432-46D3-BFBC-7B2D09B22A5C}.AppStore|x64.ActiveCfg = Release|Any CPU
		{3163C816-8432-46D3-BFBC-7B2D09B22A5C}.AppStore|x64.Build.0 = Release|Any CPU
		{3163C816-8432-46D3-BFBC-7B2D09B22A5C}.AppStore|x64.Deploy.0 = Release|Any CPU
		{3163C816-8432-46D3-BFBC-7B2D09B22A5C}.AppStore|x86.ActiveCfg = Release|Any CPU
		{3163C816-8432-46D3-BFBC-7B2D09B22A5C}.AppStore|x86.Build.0 = Release|Any CPU
		{3163C816-8432-46D3-BFBC-7B2D09B22A5C}.AppStore|x86.Deploy.0 = Release|Any CPU
		{3163C816-8432-46D3-BFBC-7B2D09B22A5C}.Debug|Any CPU.ActiveCfg = Debug|Any CPU
		{3163C816-8432-46D3-BFBC-7B2D09B22A5C}.Debug|Any CPU.Build.0 = Debug|Any CPU
		{3163C816-8432-46D3-BFBC-7B2D09B22A5C}.Debug|Any CPU.Deploy.0 = Debug|Any CPU
		{3163C816-8432-46D3-BFBC-7B2D09B22A5C}.Debug|ARM.ActiveCfg = Debug|Any CPU
		{3163C816-8432-46D3-BFBC-7B2D09B22A5C}.Debug|ARM.Build.0 = Debug|Any CPU
		{3163C816-8432-46D3-BFBC-7B2D09B22A5C}.Debug|ARM.Deploy.0 = Debug|Any CPU
		{3163C816-8432-46D3-BFBC-7B2D09B22A5C}.Debug|iPhone.ActiveCfg = Debug|Any CPU
		{3163C816-8432-46D3-BFBC-7B2D09B22A5C}.Debug|iPhone.Build.0 = Debug|Any CPU
		{3163C816-8432-46D3-BFBC-7B2D09B22A5C}.Debug|iPhone.Deploy.0 = Debug|Any CPU
		{3163C816-8432-46D3-BFBC-7B2D09B22A5C}.Debug|iPhoneSimulator.ActiveCfg = Debug|Any CPU
		{3163C816-8432-46D3-BFBC-7B2D09B22A5C}.Debug|iPhoneSimulator.Build.0 = Debug|Any CPU
		{3163C816-8432-46D3-BFBC-7B2D09B22A5C}.Debug|iPhoneSimulator.Deploy.0 = Debug|Any CPU
		{3163C816-8432-46D3-BFBC-7B2D09B22A5C}.Debug|x64.ActiveCfg = Debug|Any CPU
		{3163C816-8432-46D3-BFBC-7B2D09B22A5C}.Debug|x64.Build.0 = Debug|Any CPU
		{3163C816-8432-46D3-BFBC-7B2D09B22A5C}.Debug|x64.Deploy.0 = Debug|Any CPU
		{3163C816-8432-46D3-BFBC-7B2D09B22A5C}.Debug|x86.ActiveCfg = Debug|Any CPU
		{3163C816-8432-46D3-BFBC-7B2D09B22A5C}.Debug|x86.Build.0 = Debug|Any CPU
		{3163C816-8432-46D3-BFBC-7B2D09B22A5C}.Debug|x86.Deploy.0 = Debug|Any CPU
		{3163C816-8432-46D3-BFBC-7B2D09B22A5C}.Release|Any CPU.ActiveCfg = Release|Any CPU
		{3163C816-8432-46D3-BFBC-7B2D09B22A5C}.Release|Any CPU.Build.0 = Release|Any CPU
		{3163C816-8432-46D3-BFBC-7B2D09B22A5C}.Release|Any CPU.Deploy.0 = Release|Any CPU
		{3163C816-8432-46D3-BFBC-7B2D09B22A5C}.Release|ARM.ActiveCfg = Release|Any CPU
		{3163C816-8432-46D3-BFBC-7B2D09B22A5C}.Release|ARM.Build.0 = Release|Any CPU
		{3163C816-8432-46D3-BFBC-7B2D09B22A5C}.Release|ARM.Deploy.0 = Release|Any CPU
		{3163C816-8432-46D3-BFBC-7B2D09B22A5C}.Release|iPhone.ActiveCfg = Release|Any CPU
		{3163C816-8432-46D3-BFBC-7B2D09B22A5C}.Release|iPhone.Build.0 = Release|Any CPU
		{3163C816-8432-46D3-BFBC-7B2D09B22A5C}.Release|iPhone.Deploy.0 = Release|Any CPU
		{3163C816-8432-46D3-BFBC-7B2D09B22A5C}.Release|iPhoneSimulator.ActiveCfg = Release|Any CPU
		{3163C816-8432-46D3-BFBC-7B2D09B22A5C}.Release|iPhoneSimulator.Build.0 = Release|Any CPU
		{3163C816-8432-46D3-BFBC-7B2D09B22A5C}.Release|iPhoneSimulator.Deploy.0 = Release|Any CPU
		{3163C816-8432-46D3-BFBC-7B2D09B22A5C}.Release|x64.ActiveCfg = Release|Any CPU
		{3163C816-8432-46D3-BFBC-7B2D09B22A5C}.Release|x64.Build.0 = Release|Any CPU
		{3163C816-8432-46D3-BFBC-7B2D09B22A5C}.Release|x64.Deploy.0 = Release|Any CPU
		{3163C816-8432-46D3-BFBC-7B2D09B22A5C}.Release|x86.ActiveCfg = Release|Any CPU
		{3163C816-8432-46D3-BFBC-7B2D09B22A5C}.Release|x86.Build.0 = Release|Any CPU
		{3163C816-8432-46D3-BFBC-7B2D09B22A5C}.Release|x86.Deploy.0 = Release|Any CPU
		{21AA2A90-4D1D-40F0-A5B0-51F861CF281C}.Ad-Hoc|Any CPU.ActiveCfg = Ad-Hoc|iPhone
		{21AA2A90-4D1D-40F0-A5B0-51F861CF281C}.Ad-Hoc|ARM.ActiveCfg = Ad-Hoc|iPhone
		{21AA2A90-4D1D-40F0-A5B0-51F861CF281C}.Ad-Hoc|iPhone.ActiveCfg = Ad-Hoc|iPhone
		{21AA2A90-4D1D-40F0-A5B0-51F861CF281C}.Ad-Hoc|iPhone.Build.0 = Ad-Hoc|iPhone
		{21AA2A90-4D1D-40F0-A5B0-51F861CF281C}.Ad-Hoc|iPhoneSimulator.ActiveCfg = Ad-Hoc|iPhoneSimulator
		{21AA2A90-4D1D-40F0-A5B0-51F861CF281C}.Ad-Hoc|iPhoneSimulator.Build.0 = Ad-Hoc|iPhoneSimulator
		{21AA2A90-4D1D-40F0-A5B0-51F861CF281C}.Ad-Hoc|x64.ActiveCfg = Ad-Hoc|iPhone
		{21AA2A90-4D1D-40F0-A5B0-51F861CF281C}.Ad-Hoc|x86.ActiveCfg = Ad-Hoc|iPhone
		{21AA2A90-4D1D-40F0-A5B0-51F861CF281C}.AppStore|Any CPU.ActiveCfg = AppStore|iPhone
		{21AA2A90-4D1D-40F0-A5B0-51F861CF281C}.AppStore|ARM.ActiveCfg = AppStore|iPhone
		{21AA2A90-4D1D-40F0-A5B0-51F861CF281C}.AppStore|iPhone.ActiveCfg = AppStore|iPhone
		{21AA2A90-4D1D-40F0-A5B0-51F861CF281C}.AppStore|iPhone.Build.0 = AppStore|iPhone
		{21AA2A90-4D1D-40F0-A5B0-51F861CF281C}.AppStore|iPhoneSimulator.ActiveCfg = AppStore|iPhoneSimulator
		{21AA2A90-4D1D-40F0-A5B0-51F861CF281C}.AppStore|iPhoneSimulator.Build.0 = AppStore|iPhoneSimulator
		{21AA2A90-4D1D-40F0-A5B0-51F861CF281C}.AppStore|x64.ActiveCfg = AppStore|iPhone
		{21AA2A90-4D1D-40F0-A5B0-51F861CF281C}.AppStore|x86.ActiveCfg = AppStore|iPhone
		{21AA2A90-4D1D-40F0-A5B0-51F861CF281C}.Debug|Any CPU.ActiveCfg = Debug|iPhone
		{21AA2A90-4D1D-40F0-A5B0-51F861CF281C}.Debug|ARM.ActiveCfg = Debug|iPhone
		{21AA2A90-4D1D-40F0-A5B0-51F861CF281C}.Debug|iPhone.ActiveCfg = Debug|iPhone
		{21AA2A90-4D1D-40F0-A5B0-51F861CF281C}.Debug|iPhone.Build.0 = Debug|iPhone
		{21AA2A90-4D1D-40F0-A5B0-51F861CF281C}.Debug|iPhoneSimulator.ActiveCfg = Debug|iPhoneSimulator
		{21AA2A90-4D1D-40F0-A5B0-51F861CF281C}.Debug|iPhoneSimulator.Build.0 = Debug|iPhoneSimulator
		{21AA2A90-4D1D-40F0-A5B0-51F861CF281C}.Debug|x64.ActiveCfg = Debug|iPhone
		{21AA2A90-4D1D-40F0-A5B0-51F861CF281C}.Debug|x86.ActiveCfg = Debug|iPhone
		{21AA2A90-4D1D-40F0-A5B0-51F861CF281C}.Release|Any CPU.ActiveCfg = Release|iPhone
		{21AA2A90-4D1D-40F0-A5B0-51F861CF281C}.Release|ARM.ActiveCfg = Release|iPhone
		{21AA2A90-4D1D-40F0-A5B0-51F861CF281C}.Release|iPhone.ActiveCfg = Release|iPhone
		{21AA2A90-4D1D-40F0-A5B0-51F861CF281C}.Release|iPhone.Build.0 = Release|iPhone
		{21AA2A90-4D1D-40F0-A5B0-51F861CF281C}.Release|iPhoneSimulator.ActiveCfg = Release|iPhoneSimulator
		{21AA2A90-4D1D-40F0-A5B0-51F861CF281C}.Release|iPhoneSimulator.Build.0 = Release|iPhoneSimulator
		{21AA2A90-4D1D-40F0-A5B0-51F861CF281C}.Release|x64.ActiveCfg = Release|iPhone
		{21AA2A90-4D1D-40F0-A5B0-51F861CF281C}.Release|x86.ActiveCfg = Release|iPhone
		{A0E18C3A-2F17-4F16-8215-538859113409}.Ad-Hoc|Any CPU.ActiveCfg = Release|x86
		{A0E18C3A-2F17-4F16-8215-538859113409}.Ad-Hoc|Any CPU.Build.0 = Release|x86
		{A0E18C3A-2F17-4F16-8215-538859113409}.Ad-Hoc|Any CPU.Deploy.0 = Release|x86
		{A0E18C3A-2F17-4F16-8215-538859113409}.Ad-Hoc|ARM.ActiveCfg = Release|ARM
		{A0E18C3A-2F17-4F16-8215-538859113409}.Ad-Hoc|ARM.Build.0 = Release|ARM
		{A0E18C3A-2F17-4F16-8215-538859113409}.Ad-Hoc|ARM.Deploy.0 = Release|ARM
		{A0E18C3A-2F17-4F16-8215-538859113409}.Ad-Hoc|iPhone.ActiveCfg = Release|x86
		{A0E18C3A-2F17-4F16-8215-538859113409}.Ad-Hoc|iPhone.Build.0 = Release|x86
		{A0E18C3A-2F17-4F16-8215-538859113409}.Ad-Hoc|iPhone.Deploy.0 = Release|x86
		{A0E18C3A-2F17-4F16-8215-538859113409}.Ad-Hoc|iPhoneSimulator.ActiveCfg = Release|x86
		{A0E18C3A-2F17-4F16-8215-538859113409}.Ad-Hoc|iPhoneSimulator.Build.0 = Release|x86
		{A0E18C3A-2F17-4F16-8215-538859113409}.Ad-Hoc|iPhoneSimulator.Deploy.0 = Release|x86
		{A0E18C3A-2F17-4F16-8215-538859113409}.Ad-Hoc|x64.ActiveCfg = Release|x64
		{A0E18C3A-2F17-4F16-8215-538859113409}.Ad-Hoc|x64.Build.0 = Release|x64
		{A0E18C3A-2F17-4F16-8215-538859113409}.Ad-Hoc|x64.Deploy.0 = Release|x64
		{A0E18C3A-2F17-4F16-8215-538859113409}.Ad-Hoc|x86.ActiveCfg = Release|x86
		{A0E18C3A-2F17-4F16-8215-538859113409}.Ad-Hoc|x86.Build.0 = Release|x86
		{A0E18C3A-2F17-4F16-8215-538859113409}.Ad-Hoc|x86.Deploy.0 = Release|x86
		{A0E18C3A-2F17-4F16-8215-538859113409}.AppStore|Any CPU.ActiveCfg = Release|x86
		{A0E18C3A-2F17-4F16-8215-538859113409}.AppStore|Any CPU.Build.0 = Release|x86
		{A0E18C3A-2F17-4F16-8215-538859113409}.AppStore|Any CPU.Deploy.0 = Release|x86
		{A0E18C3A-2F17-4F16-8215-538859113409}.AppStore|ARM.ActiveCfg = Release|ARM
		{A0E18C3A-2F17-4F16-8215-538859113409}.AppStore|ARM.Build.0 = Release|ARM
		{A0E18C3A-2F17-4F16-8215-538859113409}.AppStore|ARM.Deploy.0 = Release|ARM
		{A0E18C3A-2F17-4F16-8215-538859113409}.AppStore|iPhone.ActiveCfg = Release|x86
		{A0E18C3A-2F17-4F16-8215-538859113409}.AppStore|iPhone.Build.0 = Release|x86
		{A0E18C3A-2F17-4F16-8215-538859113409}.AppStore|iPhone.Deploy.0 = Release|x86
		{A0E18C3A-2F17-4F16-8215-538859113409}.AppStore|iPhoneSimulator.ActiveCfg = Release|x86
		{A0E18C3A-2F17-4F16-8215-538859113409}.AppStore|iPhoneSimulator.Build.0 = Release|x86
		{A0E18C3A-2F17-4F16-8215-538859113409}.AppStore|iPhoneSimulator.Deploy.0 = Release|x86
		{A0E18C3A-2F17-4F16-8215-538859113409}.AppStore|x64.ActiveCfg = Release|x64
		{A0E18C3A-2F17-4F16-8215-538859113409}.AppStore|x64.Build.0 = Release|x64
		{A0E18C3A-2F17-4F16-8215-538859113409}.AppStore|x64.Deploy.0 = Release|x64
		{A0E18C3A-2F17-4F16-8215-538859113409}.AppStore|x86.ActiveCfg = Release|x86
		{A0E18C3A-2F17-4F16-8215-538859113409}.AppStore|x86.Build.0 = Release|x86
		{A0E18C3A-2F17-4F16-8215-538859113409}.AppStore|x86.Deploy.0 = Release|x86
		{A0E18C3A-2F17-4F16-8215-538859113409}.Debug|Any CPU.ActiveCfg = Debug|x86
		{A0E18C3A-2F17-4F16-8215-538859113409}.Debug|Any CPU.Build.0 = Debug|x86
		{A0E18C3A-2F17-4F16-8215-538859113409}.Debug|Any CPU.Deploy.0 = Debug|x86
		{A0E18C3A-2F17-4F16-8215-538859113409}.Debug|ARM.ActiveCfg = Debug|ARM
		{A0E18C3A-2F17-4F16-8215-538859113409}.Debug|ARM.Build.0 = Debug|ARM
		{A0E18C3A-2F17-4F16-8215-538859113409}.Debug|ARM.Deploy.0 = Debug|ARM
		{A0E18C3A-2F17-4F16-8215-538859113409}.Debug|iPhone.ActiveCfg = Debug|x86
		{A0E18C3A-2F17-4F16-8215-538859113409}.Debug|iPhoneSimulator.ActiveCfg = Debug|x86
		{A0E18C3A-2F17-4F16-8215-538859113409}.Debug|iPhoneSimulator.Build.0 = Debug|x86
		{A0E18C3A-2F17-4F16-8215-538859113409}.Debug|iPhoneSimulator.Deploy.0 = Debug|x86
		{A0E18C3A-2F17-4F16-8215-538859113409}.Debug|x64.ActiveCfg = Debug|x64
		{A0E18C3A-2F17-4F16-8215-538859113409}.Debug|x64.Build.0 = Debug|x64
		{A0E18C3A-2F17-4F16-8215-538859113409}.Debug|x64.Deploy.0 = Debug|x64
		{A0E18C3A-2F17-4F16-8215-538859113409}.Debug|x86.ActiveCfg = Debug|x86
		{A0E18C3A-2F17-4F16-8215-538859113409}.Debug|x86.Build.0 = Debug|x86
		{A0E18C3A-2F17-4F16-8215-538859113409}.Debug|x86.Deploy.0 = Debug|x86
		{A0E18C3A-2F17-4F16-8215-538859113409}.Release|Any CPU.ActiveCfg = Release|x86
		{A0E18C3A-2F17-4F16-8215-538859113409}.Release|ARM.ActiveCfg = Release|ARM
		{A0E18C3A-2F17-4F16-8215-538859113409}.Release|ARM.Build.0 = Release|ARM
		{A0E18C3A-2F17-4F16-8215-538859113409}.Release|ARM.Deploy.0 = Release|ARM
		{A0E18C3A-2F17-4F16-8215-538859113409}.Release|iPhone.ActiveCfg = Release|x86
		{A0E18C3A-2F17-4F16-8215-538859113409}.Release|iPhoneSimulator.ActiveCfg = Release|x86
		{A0E18C3A-2F17-4F16-8215-538859113409}.Release|x64.ActiveCfg = Release|x64
		{A0E18C3A-2F17-4F16-8215-538859113409}.Release|x64.Build.0 = Release|x64
		{A0E18C3A-2F17-4F16-8215-538859113409}.Release|x64.Deploy.0 = Release|x64
		{A0E18C3A-2F17-4F16-8215-538859113409}.Release|x86.ActiveCfg = Release|x86
		{A0E18C3A-2F17-4F16-8215-538859113409}.Release|x86.Build.0 = Release|x86
		{A0E18C3A-2F17-4F16-8215-538859113409}.Release|x86.Deploy.0 = Release|x86
		{55400609-5FB0-4825-9104-4D8C586688D5}.Ad-Hoc|Any CPU.ActiveCfg = Release|Any CPU
		{55400609-5FB0-4825-9104-4D8C586688D5}.Ad-Hoc|Any CPU.Build.0 = Release|Any CPU
		{55400609-5FB0-4825-9104-4D8C586688D5}.Ad-Hoc|ARM.ActiveCfg = Release|ARM
		{55400609-5FB0-4825-9104-4D8C586688D5}.Ad-Hoc|ARM.Build.0 = Release|ARM
		{55400609-5FB0-4825-9104-4D8C586688D5}.Ad-Hoc|iPhone.ActiveCfg = Release|Any CPU
		{55400609-5FB0-4825-9104-4D8C586688D5}.Ad-Hoc|iPhone.Build.0 = Release|Any CPU
		{55400609-5FB0-4825-9104-4D8C586688D5}.Ad-Hoc|iPhoneSimulator.ActiveCfg = Release|Any CPU
		{55400609-5FB0-4825-9104-4D8C586688D5}.Ad-Hoc|iPhoneSimulator.Build.0 = Release|Any CPU
		{55400609-5FB0-4825-9104-4D8C586688D5}.Ad-Hoc|x64.ActiveCfg = Release|x64
		{55400609-5FB0-4825-9104-4D8C586688D5}.Ad-Hoc|x64.Build.0 = Release|x64
		{55400609-5FB0-4825-9104-4D8C586688D5}.Ad-Hoc|x86.ActiveCfg = Release|x86
		{55400609-5FB0-4825-9104-4D8C586688D5}.Ad-Hoc|x86.Build.0 = Release|x86
		{55400609-5FB0-4825-9104-4D8C586688D5}.AppStore|Any CPU.ActiveCfg = Release|Any CPU
		{55400609-5FB0-4825-9104-4D8C586688D5}.AppStore|Any CPU.Build.0 = Release|Any CPU
		{55400609-5FB0-4825-9104-4D8C586688D5}.AppStore|ARM.ActiveCfg = Release|ARM
		{55400609-5FB0-4825-9104-4D8C586688D5}.AppStore|ARM.Build.0 = Release|ARM
		{55400609-5FB0-4825-9104-4D8C586688D5}.AppStore|iPhone.ActiveCfg = Release|Any CPU
		{55400609-5FB0-4825-9104-4D8C586688D5}.AppStore|iPhone.Build.0 = Release|Any CPU
		{55400609-5FB0-4825-9104-4D8C586688D5}.AppStore|iPhoneSimulator.ActiveCfg = Release|Any CPU
		{55400609-5FB0-4825-9104-4D8C586688D5}.AppStore|iPhoneSimulator.Build.0 = Release|Any CPU
		{55400609-5FB0-4825-9104-4D8C586688D5}.AppStore|x64.ActiveCfg = Release|x64
		{55400609-5FB0-4825-9104-4D8C586688D5}.AppStore|x64.Build.0 = Release|x64
		{55400609-5FB0-4825-9104-4D8C586688D5}.AppStore|x86.ActiveCfg = Release|x86
		{55400609-5FB0-4825-9104-4D8C586688D5}.AppStore|x86.Build.0 = Release|x86
		{55400609-5FB0-4825-9104-4D8C586688D5}.Debug|Any CPU.ActiveCfg = Debug|Any CPU
		{55400609-5FB0-4825-9104-4D8C586688D5}.Debug|Any CPU.Build.0 = Debug|Any CPU
		{55400609-5FB0-4825-9104-4D8C586688D5}.Debug|ARM.ActiveCfg = Debug|ARM
		{55400609-5FB0-4825-9104-4D8C586688D5}.Debug|ARM.Build.0 = Debug|ARM
		{55400609-5FB0-4825-9104-4D8C586688D5}.Debug|iPhone.ActiveCfg = Debug|Any CPU
		{55400609-5FB0-4825-9104-4D8C586688D5}.Debug|iPhone.Build.0 = Debug|Any CPU
		{55400609-5FB0-4825-9104-4D8C586688D5}.Debug|iPhoneSimulator.ActiveCfg = Debug|Any CPU
		{55400609-5FB0-4825-9104-4D8C586688D5}.Debug|iPhoneSimulator.Build.0 = Debug|Any CPU
		{55400609-5FB0-4825-9104-4D8C586688D5}.Debug|x64.ActiveCfg = Debug|x64
		{55400609-5FB0-4825-9104-4D8C586688D5}.Debug|x64.Build.0 = Debug|x64
		{55400609-5FB0-4825-9104-4D8C586688D5}.Debug|x86.ActiveCfg = Debug|x86
		{55400609-5FB0-4825-9104-4D8C586688D5}.Debug|x86.Build.0 = Debug|x86
		{55400609-5FB0-4825-9104-4D8C586688D5}.Release|Any CPU.ActiveCfg = Release|Any CPU
		{55400609-5FB0-4825-9104-4D8C586688D5}.Release|Any CPU.Build.0 = Release|Any CPU
		{55400609-5FB0-4825-9104-4D8C586688D5}.Release|ARM.ActiveCfg = Release|ARM
		{55400609-5FB0-4825-9104-4D8C586688D5}.Release|ARM.Build.0 = Release|ARM
		{55400609-5FB0-4825-9104-4D8C586688D5}.Release|iPhone.ActiveCfg = Release|Any CPU
		{55400609-5FB0-4825-9104-4D8C586688D5}.Release|iPhone.Build.0 = Release|Any CPU
		{55400609-5FB0-4825-9104-4D8C586688D5}.Release|iPhoneSimulator.ActiveCfg = Release|Any CPU
		{55400609-5FB0-4825-9104-4D8C586688D5}.Release|iPhoneSimulator.Build.0 = Release|Any CPU
		{55400609-5FB0-4825-9104-4D8C586688D5}.Release|x64.ActiveCfg = Release|x64
		{55400609-5FB0-4825-9104-4D8C586688D5}.Release|x64.Build.0 = Release|x64
		{55400609-5FB0-4825-9104-4D8C586688D5}.Release|x86.ActiveCfg = Release|x86
		{55400609-5FB0-4825-9104-4D8C586688D5}.Release|x86.Build.0 = Release|x86
		{1E8F6F65-6007-4717-B210-C3554873F37A}.Ad-Hoc|Any CPU.ActiveCfg = Release|Any CPU
		{1E8F6F65-6007-4717-B210-C3554873F37A}.Ad-Hoc|Any CPU.Build.0 = Release|Any CPU
		{1E8F6F65-6007-4717-B210-C3554873F37A}.Ad-Hoc|ARM.ActiveCfg = Release|Any CPU
		{1E8F6F65-6007-4717-B210-C3554873F37A}.Ad-Hoc|ARM.Build.0 = Release|Any CPU
		{1E8F6F65-6007-4717-B210-C3554873F37A}.Ad-Hoc|iPhone.ActiveCfg = Release|Any CPU
		{1E8F6F65-6007-4717-B210-C3554873F37A}.Ad-Hoc|iPhone.Build.0 = Release|Any CPU
		{1E8F6F65-6007-4717-B210-C3554873F37A}.Ad-Hoc|iPhoneSimulator.ActiveCfg = Release|Any CPU
		{1E8F6F65-6007-4717-B210-C3554873F37A}.Ad-Hoc|iPhoneSimulator.Build.0 = Release|Any CPU
		{1E8F6F65-6007-4717-B210-C3554873F37A}.Ad-Hoc|x64.ActiveCfg = Release|Any CPU
		{1E8F6F65-6007-4717-B210-C3554873F37A}.Ad-Hoc|x64.Build.0 = Release|Any CPU
		{1E8F6F65-6007-4717-B210-C3554873F37A}.Ad-Hoc|x86.ActiveCfg = Release|Any CPU
		{1E8F6F65-6007-4717-B210-C3554873F37A}.Ad-Hoc|x86.Build.0 = Release|Any CPU
		{1E8F6F65-6007-4717-B210-C3554873F37A}.AppStore|Any CPU.ActiveCfg = Release|Any CPU
		{1E8F6F65-6007-4717-B210-C3554873F37A}.AppStore|Any CPU.Build.0 = Release|Any CPU
		{1E8F6F65-6007-4717-B210-C3554873F37A}.AppStore|ARM.ActiveCfg = Release|Any CPU
		{1E8F6F65-6007-4717-B210-C3554873F37A}.AppStore|ARM.Build.0 = Release|Any CPU
		{1E8F6F65-6007-4717-B210-C3554873F37A}.AppStore|iPhone.ActiveCfg = Release|Any CPU
		{1E8F6F65-6007-4717-B210-C3554873F37A}.AppStore|iPhone.Build.0 = Release|Any CPU
		{1E8F6F65-6007-4717-B210-C3554873F37A}.AppStore|iPhoneSimulator.ActiveCfg = Release|Any CPU
		{1E8F6F65-6007-4717-B210-C3554873F37A}.AppStore|iPhoneSimulator.Build.0 = Release|Any CPU
		{1E8F6F65-6007-4717-B210-C3554873F37A}.AppStore|x64.ActiveCfg = Release|Any CPU
		{1E8F6F65-6007-4717-B210-C3554873F37A}.AppStore|x64.Build.0 = Release|Any CPU
		{1E8F6F65-6007-4717-B210-C3554873F37A}.AppStore|x86.ActiveCfg = Release|Any CPU
		{1E8F6F65-6007-4717-B210-C3554873F37A}.AppStore|x86.Build.0 = Release|Any CPU
		{1E8F6F65-6007-4717-B210-C3554873F37A}.Debug|Any CPU.ActiveCfg = Debug|Any CPU
		{1E8F6F65-6007-4717-B210-C3554873F37A}.Debug|Any CPU.Build.0 = Debug|Any CPU
		{1E8F6F65-6007-4717-B210-C3554873F37A}.Debug|ARM.ActiveCfg = Debug|Any CPU
		{1E8F6F65-6007-4717-B210-C3554873F37A}.Debug|ARM.Build.0 = Debug|Any CPU
		{1E8F6F65-6007-4717-B210-C3554873F37A}.Debug|iPhone.ActiveCfg = Debug|Any CPU
		{1E8F6F65-6007-4717-B210-C3554873F37A}.Debug|iPhone.Build.0 = Debug|Any CPU
		{1E8F6F65-6007-4717-B210-C3554873F37A}.Debug|iPhoneSimulator.ActiveCfg = Debug|Any CPU
		{1E8F6F65-6007-4717-B210-C3554873F37A}.Debug|iPhoneSimulator.Build.0 = Debug|Any CPU
		{1E8F6F65-6007-4717-B210-C3554873F37A}.Debug|x64.ActiveCfg = Debug|Any CPU
		{1E8F6F65-6007-4717-B210-C3554873F37A}.Debug|x64.Build.0 = Debug|Any CPU
		{1E8F6F65-6007-4717-B210-C3554873F37A}.Debug|x86.ActiveCfg = Debug|Any CPU
		{1E8F6F65-6007-4717-B210-C3554873F37A}.Debug|x86.Build.0 = Debug|Any CPU
		{1E8F6F65-6007-4717-B210-C3554873F37A}.Release|Any CPU.ActiveCfg = Release|Any CPU
		{1E8F6F65-6007-4717-B210-C3554873F37A}.Release|Any CPU.Build.0 = Release|Any CPU
		{1E8F6F65-6007-4717-B210-C3554873F37A}.Release|ARM.ActiveCfg = Release|Any CPU
		{1E8F6F65-6007-4717-B210-C3554873F37A}.Release|ARM.Build.0 = Release|Any CPU
		{1E8F6F65-6007-4717-B210-C3554873F37A}.Release|iPhone.ActiveCfg = Release|Any CPU
		{1E8F6F65-6007-4717-B210-C3554873F37A}.Release|iPhone.Build.0 = Release|Any CPU
		{1E8F6F65-6007-4717-B210-C3554873F37A}.Release|iPhoneSimulator.ActiveCfg = Release|Any CPU
		{1E8F6F65-6007-4717-B210-C3554873F37A}.Release|iPhoneSimulator.Build.0 = Release|Any CPU
		{1E8F6F65-6007-4717-B210-C3554873F37A}.Release|x64.ActiveCfg = Release|Any CPU
		{1E8F6F65-6007-4717-B210-C3554873F37A}.Release|x64.Build.0 = Release|Any CPU
		{1E8F6F65-6007-4717-B210-C3554873F37A}.Release|x86.ActiveCfg = Release|Any CPU
		{1E8F6F65-6007-4717-B210-C3554873F37A}.Release|x86.Build.0 = Release|Any CPU
		{D4DEE17B-27B9-4BF3-8868-76197F53EB6D}.Ad-Hoc|Any CPU.ActiveCfg = Release|Any CPU
		{D4DEE17B-27B9-4BF3-8868-76197F53EB6D}.Ad-Hoc|Any CPU.Build.0 = Release|Any CPU
		{D4DEE17B-27B9-4BF3-8868-76197F53EB6D}.Ad-Hoc|ARM.ActiveCfg = Release|Any CPU
		{D4DEE17B-27B9-4BF3-8868-76197F53EB6D}.Ad-Hoc|ARM.Build.0 = Release|Any CPU
		{D4DEE17B-27B9-4BF3-8868-76197F53EB6D}.Ad-Hoc|iPhone.ActiveCfg = Release|Any CPU
		{D4DEE17B-27B9-4BF3-8868-76197F53EB6D}.Ad-Hoc|iPhone.Build.0 = Release|Any CPU
		{D4DEE17B-27B9-4BF3-8868-76197F53EB6D}.Ad-Hoc|iPhoneSimulator.ActiveCfg = Release|Any CPU
		{D4DEE17B-27B9-4BF3-8868-76197F53EB6D}.Ad-Hoc|iPhoneSimulator.Build.0 = Release|Any CPU
		{D4DEE17B-27B9-4BF3-8868-76197F53EB6D}.Ad-Hoc|x64.ActiveCfg = Release|Any CPU
		{D4DEE17B-27B9-4BF3-8868-76197F53EB6D}.Ad-Hoc|x64.Build.0 = Release|Any CPU
		{D4DEE17B-27B9-4BF3-8868-76197F53EB6D}.Ad-Hoc|x86.ActiveCfg = Release|Any CPU
		{D4DEE17B-27B9-4BF3-8868-76197F53EB6D}.Ad-Hoc|x86.Build.0 = Release|Any CPU
		{D4DEE17B-27B9-4BF3-8868-76197F53EB6D}.AppStore|Any CPU.ActiveCfg = Release|Any CPU
		{D4DEE17B-27B9-4BF3-8868-76197F53EB6D}.AppStore|Any CPU.Build.0 = Release|Any CPU
		{D4DEE17B-27B9-4BF3-8868-76197F53EB6D}.AppStore|ARM.ActiveCfg = Release|Any CPU
		{D4DEE17B-27B9-4BF3-8868-76197F53EB6D}.AppStore|ARM.Build.0 = Release|Any CPU
		{D4DEE17B-27B9-4BF3-8868-76197F53EB6D}.AppStore|iPhone.ActiveCfg = Release|Any CPU
		{D4DEE17B-27B9-4BF3-8868-76197F53EB6D}.AppStore|iPhone.Build.0 = Release|Any CPU
		{D4DEE17B-27B9-4BF3-8868-76197F53EB6D}.AppStore|iPhoneSimulator.ActiveCfg = Release|Any CPU
		{D4DEE17B-27B9-4BF3-8868-76197F53EB6D}.AppStore|iPhoneSimulator.Build.0 = Release|Any CPU
		{D4DEE17B-27B9-4BF3-8868-76197F53EB6D}.AppStore|x64.ActiveCfg = Release|Any CPU
		{D4DEE17B-27B9-4BF3-8868-76197F53EB6D}.AppStore|x64.Build.0 = Release|Any CPU
		{D4DEE17B-27B9-4BF3-8868-76197F53EB6D}.AppStore|x86.ActiveCfg = Release|Any CPU
		{D4DEE17B-27B9-4BF3-8868-76197F53EB6D}.AppStore|x86.Build.0 = Release|Any CPU
		{D4DEE17B-27B9-4BF3-8868-76197F53EB6D}.Debug|Any CPU.ActiveCfg = Debug|Any CPU
		{D4DEE17B-27B9-4BF3-8868-76197F53EB6D}.Debug|Any CPU.Build.0 = Debug|Any CPU
		{D4DEE17B-27B9-4BF3-8868-76197F53EB6D}.Debug|ARM.ActiveCfg = Debug|Any CPU
		{D4DEE17B-27B9-4BF3-8868-76197F53EB6D}.Debug|ARM.Build.0 = Debug|Any CPU
		{D4DEE17B-27B9-4BF3-8868-76197F53EB6D}.Debug|iPhone.ActiveCfg = Debug|Any CPU
		{D4DEE17B-27B9-4BF3-8868-76197F53EB6D}.Debug|iPhone.Build.0 = Debug|Any CPU
		{D4DEE17B-27B9-4BF3-8868-76197F53EB6D}.Debug|iPhoneSimulator.ActiveCfg = Debug|Any CPU
		{D4DEE17B-27B9-4BF3-8868-76197F53EB6D}.Debug|iPhoneSimulator.Build.0 = Debug|Any CPU
		{D4DEE17B-27B9-4BF3-8868-76197F53EB6D}.Debug|x64.ActiveCfg = Debug|Any CPU
		{D4DEE17B-27B9-4BF3-8868-76197F53EB6D}.Debug|x64.Build.0 = Debug|Any CPU
		{D4DEE17B-27B9-4BF3-8868-76197F53EB6D}.Debug|x86.ActiveCfg = Debug|Any CPU
		{D4DEE17B-27B9-4BF3-8868-76197F53EB6D}.Debug|x86.Build.0 = Debug|Any CPU
		{D4DEE17B-27B9-4BF3-8868-76197F53EB6D}.Release|Any CPU.ActiveCfg = Release|Any CPU
		{D4DEE17B-27B9-4BF3-8868-76197F53EB6D}.Release|Any CPU.Build.0 = Release|Any CPU
		{D4DEE17B-27B9-4BF3-8868-76197F53EB6D}.Release|ARM.ActiveCfg = Release|Any CPU
		{D4DEE17B-27B9-4BF3-8868-76197F53EB6D}.Release|ARM.Build.0 = Release|Any CPU
		{D4DEE17B-27B9-4BF3-8868-76197F53EB6D}.Release|iPhone.ActiveCfg = Release|Any CPU
		{D4DEE17B-27B9-4BF3-8868-76197F53EB6D}.Release|iPhone.Build.0 = Release|Any CPU
		{D4DEE17B-27B9-4BF3-8868-76197F53EB6D}.Release|iPhoneSimulator.ActiveCfg = Release|Any CPU
		{D4DEE17B-27B9-4BF3-8868-76197F53EB6D}.Release|iPhoneSimulator.Build.0 = Release|Any CPU
		{D4DEE17B-27B9-4BF3-8868-76197F53EB6D}.Release|x64.ActiveCfg = Release|Any CPU
		{D4DEE17B-27B9-4BF3-8868-76197F53EB6D}.Release|x64.Build.0 = Release|Any CPU
		{D4DEE17B-27B9-4BF3-8868-76197F53EB6D}.Release|x86.ActiveCfg = Release|Any CPU
		{D4DEE17B-27B9-4BF3-8868-76197F53EB6D}.Release|x86.Build.0 = Release|Any CPU
	EndGlobalSection
	GlobalSection(SolutionProperties) = preSolution
		HideSolutionNode = FALSE
	EndGlobalSection
EndGlobal
