
Microsoft Visual Studio Solution File, Format Version 12.00
# Visual Studio 15
VisualStudioVersion = 15.0.26430.15
MinimumVisualStudioVersion = 10.0.40219.1
Project("{FAE04EC0-301F-11D3-BF4B-00C04F79EFBC}") = "Plugin.pbXSettings.Android", "Plugin.pbXSettings.Android\Plugin.pbXSettings.Android.csproj", "{91B25A78-62C8-41AA-8D22-DA326A5EA64D}"
EndProject
Project("{FAE04EC0-301F-11D3-BF4B-00C04F79EFBC}") = "Plugin.pbXSettings.iOS", "Plugin.pbXSettings.iOS\Plugin.pbXSettings.iOS.csproj", "{FCF19725-8C2F-44C5-AA52-513EE32469E2}"
EndProject
Project("{FAE04EC0-301F-11D3-BF4B-00C04F79EFBC}") = "Plugin.pbXSettings.Net45", "Plugin.pbXSettings.Net45\Plugin.pbXSettings.Net45.csproj", "{52E1406B-0FEA-4EA8-BE48-888BCC0884C7}"
EndProject
Project("{D954291E-2A0B-460D-934E-DC6B0785DB48}") = "Plugin.pbXSettings.Shared", "Plugin.pbXSettings.Shared\Plugin.pbXSettings.Shared.shproj", "{4D6554FC-EBC4-4B1E-A6B9-E91A071DB69A}"
EndProject
Project("{FAE04EC0-301F-11D3-BF4B-00C04F79EFBC}") = "Plugin.pbXSettings.macOS", "Plugin.pbXSettings.macOS\Plugin.pbXSettings.macOS.csproj", "{C9E2506E-7CC0-43B8-BCED-93C2F69920D1}"
EndProject
Project("{9A19103F-16F7-4668-BE54-9A1E7A4F7556}") = "Plugin.pbXSettings.Abstractions", "Plugin.pbXSettings.Abstractions\Plugin.pbXSettings.Abstractions.csproj", "{B0596E33-EA85-41B5-9CB5-94DF3C06D213}"
EndProject
Project("{FAE04EC0-301F-11D3-BF4B-00C04F79EFBC}") = "Plugin.pbXSettings.tvOS", "Plugin.pbXSettings.tvOS\Plugin.pbXSettings.tvOS.csproj", "{2E77620E-1A41-4A10-8816-4528D1C34695}"
EndProject
Project("{FAE04EC0-301F-11D3-BF4B-00C04F79EFBC}") = "Plugin.pbXSettings.watchOS", "Plugin.pbXSettings.watchOS\Plugin.pbXSettings.watchOS.csproj", "{43488E9D-5A8A-44B2-8B00-ADBEFB8313D7}"
EndProject
Project("{FAE04EC0-301F-11D3-BF4B-00C04F79EFBC}") = "Plugin.pbXSettings.PCL", "Plugin.pbXSettings.PCL\Plugin.pbXSettings.PCL.csproj", "{67F9D3A8-F71E-4428-913F-C37AE82CDB24}"
EndProject
Project("{D954291E-2A0B-460D-934E-DC6B0785DB48}") = "pbXNet.For.Plugin.pbXSettings.Shared", "..\pbXNet\pbXNet.For.Plugin.pbXSettings.Shared.shproj", "{37A25571-DDF3-485B-ADC9-4DD919877532}"
EndProject
Project("{FAE04EC0-301F-11D3-BF4B-00C04F79EFBC}") = "Test.Net45", "Test.Net45\Test.Net45.csproj", "{08376A9C-4FC1-4D38-BD44-55C7D157D2EA}"
EndProject
Project("{FAE04EC0-301F-11D3-BF4B-00C04F79EFBC}") = "Plugin.pbXSettings.UWP", "Plugin.pbXSettings.UWP\Plugin.pbXSettings.UWP.csproj", "{5C203DF7-7A08-4861-B248-23199D9C3E22}"
EndProject
Global
	GlobalSection(SharedMSBuildProjectFiles) = preSolution
		..\pbXNet\pbXNet.For.Plugin.pbXSettings.Shared.projitems*{2e77620e-1a41-4a10-8816-4528d1c34695}*SharedItemsImports = 4
		Plugin.pbXSettings.Shared\Plugin.pbXSettings.Shared.projitems*{2e77620e-1a41-4a10-8816-4528d1c34695}*SharedItemsImports = 4
		..\pbXNet\pbXNet.For.Plugin.pbXSettings.Shared.projitems*{37a25571-ddf3-485b-adc9-4dd919877532}*SharedItemsImports = 13
		..\pbXNet\pbXNet.For.Plugin.pbXSettings.Shared.projitems*{43488e9d-5a8a-44b2-8b00-adbefb8313d7}*SharedItemsImports = 4
		Plugin.pbXSettings.Shared\Plugin.pbXSettings.Shared.projitems*{43488e9d-5a8a-44b2-8b00-adbefb8313d7}*SharedItemsImports = 4
		Plugin.pbXSettings.Shared\Plugin.pbXSettings.Shared.projitems*{4d6554fc-ebc4-4b1e-a6b9-e91a071db69a}*SharedItemsImports = 13
		..\pbXNet\pbXNet.For.Plugin.pbXSettings.Shared.projitems*{52e1406b-0fea-4ea8-be48-888bcc0884c7}*SharedItemsImports = 4
		Plugin.pbXSettings.Shared\Plugin.pbXSettings.Shared.projitems*{52e1406b-0fea-4ea8-be48-888bcc0884c7}*SharedItemsImports = 4
		..\pbXNet\pbXNet.For.Plugin.pbXSettings.Shared.projitems*{5c203df7-7a08-4861-b248-23199d9c3e22}*SharedItemsImports = 4
		Plugin.pbXSettings.Shared\Plugin.pbXSettings.Shared.projitems*{5c203df7-7a08-4861-b248-23199d9c3e22}*SharedItemsImports = 4
		..\pbXNet\pbXNet.For.Plugin.pbXSettings.Shared.projitems*{67f9d3a8-f71e-4428-913f-c37ae82cdb24}*SharedItemsImports = 4
		Plugin.pbXSettings.Shared\Plugin.pbXSettings.Shared.projitems*{67f9d3a8-f71e-4428-913f-c37ae82cdb24}*SharedItemsImports = 4
		..\pbXNet\pbXNet.For.Plugin.pbXSettings.Shared.projitems*{91b25a78-62c8-41aa-8d22-da326a5ea64d}*SharedItemsImports = 4
		Plugin.pbXSettings.Shared\Plugin.pbXSettings.Shared.projitems*{91b25a78-62c8-41aa-8d22-da326a5ea64d}*SharedItemsImports = 4
		..\pbXNet\pbXNet.For.Plugin.pbXSettings.Shared.projitems*{c9e2506e-7cc0-43b8-bced-93c2f69920d1}*SharedItemsImports = 4
		Plugin.pbXSettings.Shared\Plugin.pbXSettings.Shared.projitems*{c9e2506e-7cc0-43b8-bced-93c2f69920d1}*SharedItemsImports = 4
		..\pbXNet\pbXNet.For.Plugin.pbXSettings.Shared.projitems*{fcf19725-8c2f-44c5-aa52-513ee32469e2}*SharedItemsImports = 4
		Plugin.pbXSettings.Shared\Plugin.pbXSettings.Shared.projitems*{fcf19725-8c2f-44c5-aa52-513ee32469e2}*SharedItemsImports = 4
	EndGlobalSection
	GlobalSection(SolutionConfigurationPlatforms) = preSolution
		Debug|Any CPU = Debug|Any CPU
		Debug|ARM = Debug|ARM
		Debug|iPhone = Debug|iPhone
		Debug|iPhoneSimulator = Debug|iPhoneSimulator
		Debug|Mixed Platforms = Debug|Mixed Platforms
		Debug|x64 = Debug|x64
		Debug|x86 = Debug|x86
		Release|Any CPU = Release|Any CPU
		Release|ARM = Release|ARM
		Release|iPhone = Release|iPhone
		Release|iPhoneSimulator = Release|iPhoneSimulator
		Release|Mixed Platforms = Release|Mixed Platforms
		Release|x64 = Release|x64
		Release|x86 = Release|x86
	EndGlobalSection
	GlobalSection(ProjectConfigurationPlatforms) = postSolution
		{91B25A78-62C8-41AA-8D22-DA326A5EA64D}.Debug|Any CPU.ActiveCfg = Debug|Any CPU
		{91B25A78-62C8-41AA-8D22-DA326A5EA64D}.Debug|Any CPU.Build.0 = Debug|Any CPU
		{91B25A78-62C8-41AA-8D22-DA326A5EA64D}.Debug|ARM.ActiveCfg = Debug|Any CPU
		{91B25A78-62C8-41AA-8D22-DA326A5EA64D}.Debug|iPhone.ActiveCfg = Debug|Any CPU
		{91B25A78-62C8-41AA-8D22-DA326A5EA64D}.Debug|iPhoneSimulator.ActiveCfg = Debug|Any CPU
		{91B25A78-62C8-41AA-8D22-DA326A5EA64D}.Debug|Mixed Platforms.ActiveCfg = Debug|Any CPU
		{91B25A78-62C8-41AA-8D22-DA326A5EA64D}.Debug|Mixed Platforms.Build.0 = Debug|Any CPU
		{91B25A78-62C8-41AA-8D22-DA326A5EA64D}.Debug|x64.ActiveCfg = Debug|Any CPU
		{91B25A78-62C8-41AA-8D22-DA326A5EA64D}.Debug|x86.ActiveCfg = Debug|Any CPU
		{91B25A78-62C8-41AA-8D22-DA326A5EA64D}.Release|Any CPU.ActiveCfg = Release|Any CPU
		{91B25A78-62C8-41AA-8D22-DA326A5EA64D}.Release|Any CPU.Build.0 = Release|Any CPU
		{91B25A78-62C8-41AA-8D22-DA326A5EA64D}.Release|ARM.ActiveCfg = Release|Any CPU
		{91B25A78-62C8-41AA-8D22-DA326A5EA64D}.Release|iPhone.ActiveCfg = Release|Any CPU
		{91B25A78-62C8-41AA-8D22-DA326A5EA64D}.Release|iPhoneSimulator.ActiveCfg = Release|Any CPU
		{91B25A78-62C8-41AA-8D22-DA326A5EA64D}.Release|Mixed Platforms.ActiveCfg = Release|Any CPU
		{91B25A78-62C8-41AA-8D22-DA326A5EA64D}.Release|Mixed Platforms.Build.0 = Release|Any CPU
		{91B25A78-62C8-41AA-8D22-DA326A5EA64D}.Release|x64.ActiveCfg = Release|Any CPU
		{91B25A78-62C8-41AA-8D22-DA326A5EA64D}.Release|x86.ActiveCfg = Release|Any CPU
		{FCF19725-8C2F-44C5-AA52-513EE32469E2}.Debug|Any CPU.ActiveCfg = Debug|Any CPU
		{FCF19725-8C2F-44C5-AA52-513EE32469E2}.Debug|Any CPU.Build.0 = Debug|Any CPU
		{FCF19725-8C2F-44C5-AA52-513EE32469E2}.Debug|ARM.ActiveCfg = Debug|Any CPU
		{FCF19725-8C2F-44C5-AA52-513EE32469E2}.Debug|iPhone.ActiveCfg = Debug|Any CPU
		{FCF19725-8C2F-44C5-AA52-513EE32469E2}.Debug|iPhone.Build.0 = Debug|Any CPU
		{FCF19725-8C2F-44C5-AA52-513EE32469E2}.Debug|iPhoneSimulator.ActiveCfg = Debug|Any CPU
		{FCF19725-8C2F-44C5-AA52-513EE32469E2}.Debug|iPhoneSimulator.Build.0 = Debug|Any CPU
		{FCF19725-8C2F-44C5-AA52-513EE32469E2}.Debug|Mixed Platforms.ActiveCfg = Debug|Any CPU
		{FCF19725-8C2F-44C5-AA52-513EE32469E2}.Debug|Mixed Platforms.Build.0 = Debug|Any CPU
		{FCF19725-8C2F-44C5-AA52-513EE32469E2}.Debug|x64.ActiveCfg = Debug|Any CPU
		{FCF19725-8C2F-44C5-AA52-513EE32469E2}.Debug|x86.ActiveCfg = Debug|Any CPU
		{FCF19725-8C2F-44C5-AA52-513EE32469E2}.Release|Any CPU.ActiveCfg = Release|Any CPU
		{FCF19725-8C2F-44C5-AA52-513EE32469E2}.Release|Any CPU.Build.0 = Release|Any CPU
		{FCF19725-8C2F-44C5-AA52-513EE32469E2}.Release|ARM.ActiveCfg = Release|Any CPU
		{FCF19725-8C2F-44C5-AA52-513EE32469E2}.Release|iPhone.ActiveCfg = Release|Any CPU
		{FCF19725-8C2F-44C5-AA52-513EE32469E2}.Release|iPhoneSimulator.ActiveCfg = Release|Any CPU
		{FCF19725-8C2F-44C5-AA52-513EE32469E2}.Release|iPhoneSimulator.Build.0 = Release|Any CPU
		{FCF19725-8C2F-44C5-AA52-513EE32469E2}.Release|Mixed Platforms.ActiveCfg = Release|Any CPU
		{FCF19725-8C2F-44C5-AA52-513EE32469E2}.Release|Mixed Platforms.Build.0 = Release|Any CPU
		{FCF19725-8C2F-44C5-AA52-513EE32469E2}.Release|x64.ActiveCfg = Release|Any CPU
		{FCF19725-8C2F-44C5-AA52-513EE32469E2}.Release|x86.ActiveCfg = Release|Any CPU
		{52E1406B-0FEA-4EA8-BE48-888BCC0884C7}.Debug|Any CPU.ActiveCfg = Debug|Any CPU
		{52E1406B-0FEA-4EA8-BE48-888BCC0884C7}.Debug|Any CPU.Build.0 = Debug|Any CPU
		{52E1406B-0FEA-4EA8-BE48-888BCC0884C7}.Debug|ARM.ActiveCfg = Debug|Any CPU
		{52E1406B-0FEA-4EA8-BE48-888BCC0884C7}.Debug|ARM.Build.0 = Debug|Any CPU
		{52E1406B-0FEA-4EA8-BE48-888BCC0884C7}.Debug|iPhone.ActiveCfg = Debug|Any CPU
		{52E1406B-0FEA-4EA8-BE48-888BCC0884C7}.Debug|iPhone.Build.0 = Debug|Any CPU
		{52E1406B-0FEA-4EA8-BE48-888BCC0884C7}.Debug|iPhoneSimulator.ActiveCfg = Debug|Any CPU
		{52E1406B-0FEA-4EA8-BE48-888BCC0884C7}.Debug|Mixed Platforms.ActiveCfg = Debug|Any CPU
		{52E1406B-0FEA-4EA8-BE48-888BCC0884C7}.Debug|Mixed Platforms.Build.0 = Debug|Any CPU
		{52E1406B-0FEA-4EA8-BE48-888BCC0884C7}.Debug|x64.ActiveCfg = Debug|Any CPU
		{52E1406B-0FEA-4EA8-BE48-888BCC0884C7}.Debug|x64.Build.0 = Debug|Any CPU
		{52E1406B-0FEA-4EA8-BE48-888BCC0884C7}.Debug|x86.ActiveCfg = Debug|Any CPU
		{52E1406B-0FEA-4EA8-BE48-888BCC0884C7}.Debug|x86.Build.0 = Debug|Any CPU
		{52E1406B-0FEA-4EA8-BE48-888BCC0884C7}.Release|Any CPU.ActiveCfg = Release|Any CPU
		{52E1406B-0FEA-4EA8-BE48-888BCC0884C7}.Release|Any CPU.Build.0 = Release|Any CPU
		{52E1406B-0FEA-4EA8-BE48-888BCC0884C7}.Release|ARM.ActiveCfg = Release|Any CPU
		{52E1406B-0FEA-4EA8-BE48-888BCC0884C7}.Release|ARM.Build.0 = Release|Any CPU
		{52E1406B-0FEA-4EA8-BE48-888BCC0884C7}.Release|iPhone.ActiveCfg = Release|Any CPU
		{52E1406B-0FEA-4EA8-BE48-888BCC0884C7}.Release|iPhone.Build.0 = Release|Any CPU
		{52E1406B-0FEA-4EA8-BE48-888BCC0884C7}.Release|iPhoneSimulator.ActiveCfg = Release|Any CPU
		{52E1406B-0FEA-4EA8-BE48-888BCC0884C7}.Release|Mixed Platforms.ActiveCfg = Release|Any CPU
		{52E1406B-0FEA-4EA8-BE48-888BCC0884C7}.Release|Mixed Platforms.Build.0 = Release|Any CPU
		{52E1406B-0FEA-4EA8-BE48-888BCC0884C7}.Release|x64.ActiveCfg = Release|Any CPU
		{52E1406B-0FEA-4EA8-BE48-888BCC0884C7}.Release|x64.Build.0 = Release|Any CPU
		{52E1406B-0FEA-4EA8-BE48-888BCC0884C7}.Release|x86.ActiveCfg = Release|Any CPU
		{52E1406B-0FEA-4EA8-BE48-888BCC0884C7}.Release|x86.Build.0 = Release|Any CPU
		{C9E2506E-7CC0-43B8-BCED-93C2F69920D1}.Debug|Any CPU.ActiveCfg = Debug|Any CPU
		{C9E2506E-7CC0-43B8-BCED-93C2F69920D1}.Debug|Any CPU.Build.0 = Debug|Any CPU
		{C9E2506E-7CC0-43B8-BCED-93C2F69920D1}.Debug|ARM.ActiveCfg = Debug|Any CPU
		{C9E2506E-7CC0-43B8-BCED-93C2F69920D1}.Debug|ARM.Build.0 = Debug|Any CPU
		{C9E2506E-7CC0-43B8-BCED-93C2F69920D1}.Debug|iPhone.ActiveCfg = Debug|Any CPU
		{C9E2506E-7CC0-43B8-BCED-93C2F69920D1}.Debug|iPhone.Build.0 = Debug|Any CPU
		{C9E2506E-7CC0-43B8-BCED-93C2F69920D1}.Debug|iPhoneSimulator.ActiveCfg = Debug|Any CPU
		{C9E2506E-7CC0-43B8-BCED-93C2F69920D1}.Debug|iPhoneSimulator.Build.0 = Debug|Any CPU
		{C9E2506E-7CC0-43B8-BCED-93C2F69920D1}.Debug|Mixed Platforms.ActiveCfg = Debug|Any CPU
		{C9E2506E-7CC0-43B8-BCED-93C2F69920D1}.Debug|Mixed Platforms.Build.0 = Debug|Any CPU
		{C9E2506E-7CC0-43B8-BCED-93C2F69920D1}.Debug|x64.ActiveCfg = Debug|Any CPU
		{C9E2506E-7CC0-43B8-BCED-93C2F69920D1}.Debug|x64.Build.0 = Debug|Any CPU
		{C9E2506E-7CC0-43B8-BCED-93C2F69920D1}.Debug|x86.ActiveCfg = Debug|Any CPU
		{C9E2506E-7CC0-43B8-BCED-93C2F69920D1}.Debug|x86.Build.0 = Debug|Any CPU
		{C9E2506E-7CC0-43B8-BCED-93C2F69920D1}.Release|Any CPU.ActiveCfg = Release|Any CPU
		{C9E2506E-7CC0-43B8-BCED-93C2F69920D1}.Release|Any CPU.Build.0 = Release|Any CPU
		{C9E2506E-7CC0-43B8-BCED-93C2F69920D1}.Release|ARM.ActiveCfg = Release|Any CPU
		{C9E2506E-7CC0-43B8-BCED-93C2F69920D1}.Release|ARM.Build.0 = Release|Any CPU
		{C9E2506E-7CC0-43B8-BCED-93C2F69920D1}.Release|iPhone.ActiveCfg = Release|Any CPU
		{C9E2506E-7CC0-43B8-BCED-93C2F69920D1}.Release|iPhone.Build.0 = Release|Any CPU
		{C9E2506E-7CC0-43B8-BCED-93C2F69920D1}.Release|iPhoneSimulator.ActiveCfg = Release|Any CPU
		{C9E2506E-7CC0-43B8-BCED-93C2F69920D1}.Release|iPhoneSimulator.Build.0 = Release|Any CPU
		{C9E2506E-7CC0-43B8-BCED-93C2F69920D1}.Release|Mixed Platforms.ActiveCfg = Release|Any CPU
		{C9E2506E-7CC0-43B8-BCED-93C2F69920D1}.Release|Mixed Platforms.Build.0 = Release|Any CPU
		{C9E2506E-7CC0-43B8-BCED-93C2F69920D1}.Release|x64.ActiveCfg = Release|Any CPU
		{C9E2506E-7CC0-43B8-BCED-93C2F69920D1}.Release|x64.Build.0 = Release|Any CPU
		{C9E2506E-7CC0-43B8-BCED-93C2F69920D1}.Release|x86.ActiveCfg = Release|Any CPU
		{C9E2506E-7CC0-43B8-BCED-93C2F69920D1}.Release|x86.Build.0 = Release|Any CPU
		{B0596E33-EA85-41B5-9CB5-94DF3C06D213}.Debug|Any CPU.ActiveCfg = Debug|Any CPU
		{B0596E33-EA85-41B5-9CB5-94DF3C06D213}.Debug|Any CPU.Build.0 = Debug|Any CPU
		{B0596E33-EA85-41B5-9CB5-94DF3C06D213}.Debug|ARM.ActiveCfg = Debug|Any CPU
		{B0596E33-EA85-41B5-9CB5-94DF3C06D213}.Debug|ARM.Build.0 = Debug|Any CPU
		{B0596E33-EA85-41B5-9CB5-94DF3C06D213}.Debug|iPhone.ActiveCfg = Debug|Any CPU
		{B0596E33-EA85-41B5-9CB5-94DF3C06D213}.Debug|iPhone.Build.0 = Debug|Any CPU
		{B0596E33-EA85-41B5-9CB5-94DF3C06D213}.Debug|iPhoneSimulator.ActiveCfg = Debug|Any CPU
		{B0596E33-EA85-41B5-9CB5-94DF3C06D213}.Debug|iPhoneSimulator.Build.0 = Debug|Any CPU
		{B0596E33-EA85-41B5-9CB5-94DF3C06D213}.Debug|Mixed Platforms.ActiveCfg = Debug|Any CPU
		{B0596E33-EA85-41B5-9CB5-94DF3C06D213}.Debug|Mixed Platforms.Build.0 = Debug|Any CPU
		{B0596E33-EA85-41B5-9CB5-94DF3C06D213}.Debug|x64.ActiveCfg = Debug|Any CPU
		{B0596E33-EA85-41B5-9CB5-94DF3C06D213}.Debug|x64.Build.0 = Debug|Any CPU
		{B0596E33-EA85-41B5-9CB5-94DF3C06D213}.Debug|x86.ActiveCfg = Debug|Any CPU
		{B0596E33-EA85-41B5-9CB5-94DF3C06D213}.Debug|x86.Build.0 = Debug|Any CPU
		{B0596E33-EA85-41B5-9CB5-94DF3C06D213}.Release|Any CPU.ActiveCfg = Release|Any CPU
		{B0596E33-EA85-41B5-9CB5-94DF3C06D213}.Release|Any CPU.Build.0 = Release|Any CPU
		{B0596E33-EA85-41B5-9CB5-94DF3C06D213}.Release|ARM.ActiveCfg = Release|Any CPU
		{B0596E33-EA85-41B5-9CB5-94DF3C06D213}.Release|ARM.Build.0 = Release|Any CPU
		{B0596E33-EA85-41B5-9CB5-94DF3C06D213}.Release|iPhone.ActiveCfg = Release|Any CPU
		{B0596E33-EA85-41B5-9CB5-94DF3C06D213}.Release|iPhone.Build.0 = Release|Any CPU
		{B0596E33-EA85-41B5-9CB5-94DF3C06D213}.Release|iPhoneSimulator.ActiveCfg = Release|Any CPU
		{B0596E33-EA85-41B5-9CB5-94DF3C06D213}.Release|iPhoneSimulator.Build.0 = Release|Any CPU
		{B0596E33-EA85-41B5-9CB5-94DF3C06D213}.Release|Mixed Platforms.ActiveCfg = Release|Any CPU
		{B0596E33-EA85-41B5-9CB5-94DF3C06D213}.Release|Mixed Platforms.Build.0 = Release|Any CPU
		{B0596E33-EA85-41B5-9CB5-94DF3C06D213}.Release|x64.ActiveCfg = Release|Any CPU
		{B0596E33-EA85-41B5-9CB5-94DF3C06D213}.Release|x64.Build.0 = Release|Any CPU
		{B0596E33-EA85-41B5-9CB5-94DF3C06D213}.Release|x86.ActiveCfg = Release|Any CPU
		{B0596E33-EA85-41B5-9CB5-94DF3C06D213}.Release|x86.Build.0 = Release|Any CPU
		{2E77620E-1A41-4A10-8816-4528D1C34695}.Debug|Any CPU.ActiveCfg = Debug|Any CPU
		{2E77620E-1A41-4A10-8816-4528D1C34695}.Debug|Any CPU.Build.0 = Debug|Any CPU
		{2E77620E-1A41-4A10-8816-4528D1C34695}.Debug|ARM.ActiveCfg = Debug|Any CPU
		{2E77620E-1A41-4A10-8816-4528D1C34695}.Debug|ARM.Build.0 = Debug|Any CPU
		{2E77620E-1A41-4A10-8816-4528D1C34695}.Debug|iPhone.ActiveCfg = Debug|Any CPU
		{2E77620E-1A41-4A10-8816-4528D1C34695}.Debug|iPhone.Build.0 = Debug|Any CPU
		{2E77620E-1A41-4A10-8816-4528D1C34695}.Debug|iPhoneSimulator.ActiveCfg = Debug|Any CPU
		{2E77620E-1A41-4A10-8816-4528D1C34695}.Debug|iPhoneSimulator.Build.0 = Debug|Any CPU
		{2E77620E-1A41-4A10-8816-4528D1C34695}.Debug|Mixed Platforms.ActiveCfg = Debug|Any CPU
		{2E77620E-1A41-4A10-8816-4528D1C34695}.Debug|Mixed Platforms.Build.0 = Debug|Any CPU
		{2E77620E-1A41-4A10-8816-4528D1C34695}.Debug|x64.ActiveCfg = Debug|Any CPU
		{2E77620E-1A41-4A10-8816-4528D1C34695}.Debug|x64.Build.0 = Debug|Any CPU
		{2E77620E-1A41-4A10-8816-4528D1C34695}.Debug|x86.ActiveCfg = Debug|Any CPU
		{2E77620E-1A41-4A10-8816-4528D1C34695}.Debug|x86.Build.0 = Debug|Any CPU
		{2E77620E-1A41-4A10-8816-4528D1C34695}.Release|Any CPU.ActiveCfg = Release|Any CPU
		{2E77620E-1A41-4A10-8816-4528D1C34695}.Release|Any CPU.Build.0 = Release|Any CPU
		{2E77620E-1A41-4A10-8816-4528D1C34695}.Release|ARM.ActiveCfg = Release|Any CPU
		{2E77620E-1A41-4A10-8816-4528D1C34695}.Release|ARM.Build.0 = Release|Any CPU
		{2E77620E-1A41-4A10-8816-4528D1C34695}.Release|iPhone.ActiveCfg = Release|Any CPU
		{2E77620E-1A41-4A10-8816-4528D1C34695}.Release|iPhone.Build.0 = Release|Any CPU
		{2E77620E-1A41-4A10-8816-4528D1C34695}.Release|iPhoneSimulator.ActiveCfg = Release|Any CPU
		{2E77620E-1A41-4A10-8816-4528D1C34695}.Release|iPhoneSimulator.Build.0 = Release|Any CPU
		{2E77620E-1A41-4A10-8816-4528D1C34695}.Release|Mixed Platforms.ActiveCfg = Release|Any CPU
		{2E77620E-1A41-4A10-8816-4528D1C34695}.Release|Mixed Platforms.Build.0 = Release|Any CPU
		{2E77620E-1A41-4A10-8816-4528D1C34695}.Release|x64.ActiveCfg = Release|Any CPU
		{2E77620E-1A41-4A10-8816-4528D1C34695}.Release|x64.Build.0 = Release|Any CPU
		{2E77620E-1A41-4A10-8816-4528D1C34695}.Release|x86.ActiveCfg = Release|Any CPU
		{2E77620E-1A41-4A10-8816-4528D1C34695}.Release|x86.Build.0 = Release|Any CPU
		{43488E9D-5A8A-44B2-8B00-ADBEFB8313D7}.Debug|Any CPU.ActiveCfg = Debug|Any CPU
		{43488E9D-5A8A-44B2-8B00-ADBEFB8313D7}.Debug|Any CPU.Build.0 = Debug|Any CPU
		{43488E9D-5A8A-44B2-8B00-ADBEFB8313D7}.Debug|ARM.ActiveCfg = Debug|Any CPU
		{43488E9D-5A8A-44B2-8B00-ADBEFB8313D7}.Debug|ARM.Build.0 = Debug|Any CPU
		{43488E9D-5A8A-44B2-8B00-ADBEFB8313D7}.Debug|iPhone.ActiveCfg = Debug|Any CPU
		{43488E9D-5A8A-44B2-8B00-ADBEFB8313D7}.Debug|iPhone.Build.0 = Debug|Any CPU
		{43488E9D-5A8A-44B2-8B00-ADBEFB8313D7}.Debug|iPhoneSimulator.ActiveCfg = Debug|Any CPU
		{43488E9D-5A8A-44B2-8B00-ADBEFB8313D7}.Debug|iPhoneSimulator.Build.0 = Debug|Any CPU
		{43488E9D-5A8A-44B2-8B00-ADBEFB8313D7}.Debug|Mixed Platforms.ActiveCfg = Debug|Any CPU
		{43488E9D-5A8A-44B2-8B00-ADBEFB8313D7}.Debug|Mixed Platforms.Build.0 = Debug|Any CPU
		{43488E9D-5A8A-44B2-8B00-ADBEFB8313D7}.Debug|x64.ActiveCfg = Debug|Any CPU
		{43488E9D-5A8A-44B2-8B00-ADBEFB8313D7}.Debug|x64.Build.0 = Debug|Any CPU
		{43488E9D-5A8A-44B2-8B00-ADBEFB8313D7}.Debug|x86.ActiveCfg = Debug|Any CPU
		{43488E9D-5A8A-44B2-8B00-ADBEFB8313D7}.Debug|x86.Build.0 = Debug|Any CPU
		{43488E9D-5A8A-44B2-8B00-ADBEFB8313D7}.Release|Any CPU.ActiveCfg = Release|Any CPU
		{43488E9D-5A8A-44B2-8B00-ADBEFB8313D7}.Release|Any CPU.Build.0 = Release|Any CPU
		{43488E9D-5A8A-44B2-8B00-ADBEFB8313D7}.Release|ARM.ActiveCfg = Release|Any CPU
		{43488E9D-5A8A-44B2-8B00-ADBEFB8313D7}.Release|ARM.Build.0 = Release|Any CPU
		{43488E9D-5A8A-44B2-8B00-ADBEFB8313D7}.Release|iPhone.ActiveCfg = Release|Any CPU
		{43488E9D-5A8A-44B2-8B00-ADBEFB8313D7}.Release|iPhone.Build.0 = Release|Any CPU
		{43488E9D-5A8A-44B2-8B00-ADBEFB8313D7}.Release|iPhoneSimulator.ActiveCfg = Release|Any CPU
		{43488E9D-5A8A-44B2-8B00-ADBEFB8313D7}.Release|iPhoneSimulator.Build.0 = Release|Any CPU
		{43488E9D-5A8A-44B2-8B00-ADBEFB8313D7}.Release|Mixed Platforms.ActiveCfg = Release|Any CPU
		{43488E9D-5A8A-44B2-8B00-ADBEFB8313D7}.Release|Mixed Platforms.Build.0 = Release|Any CPU
		{43488E9D-5A8A-44B2-8B00-ADBEFB8313D7}.Release|x64.ActiveCfg = Release|Any CPU
		{43488E9D-5A8A-44B2-8B00-ADBEFB8313D7}.Release|x64.Build.0 = Release|Any CPU
		{43488E9D-5A8A-44B2-8B00-ADBEFB8313D7}.Release|x86.ActiveCfg = Release|Any CPU
		{43488E9D-5A8A-44B2-8B00-ADBEFB8313D7}.Release|x86.Build.0 = Release|Any CPU
		{67F9D3A8-F71E-4428-913F-C37AE82CDB24}.Debug|Any CPU.ActiveCfg = Debug|Any CPU
		{67F9D3A8-F71E-4428-913F-C37AE82CDB24}.Debug|Any CPU.Build.0 = Debug|Any CPU
		{67F9D3A8-F71E-4428-913F-C37AE82CDB24}.Debug|ARM.ActiveCfg = Debug|Any CPU
		{67F9D3A8-F71E-4428-913F-C37AE82CDB24}.Debug|ARM.Build.0 = Debug|Any CPU
		{67F9D3A8-F71E-4428-913F-C37AE82CDB24}.Debug|iPhone.ActiveCfg = Debug|Any CPU
		{67F9D3A8-F71E-4428-913F-C37AE82CDB24}.Debug|iPhone.Build.0 = Debug|Any CPU
		{67F9D3A8-F71E-4428-913F-C37AE82CDB24}.Debug|iPhoneSimulator.ActiveCfg = Debug|Any CPU
		{67F9D3A8-F71E-4428-913F-C37AE82CDB24}.Debug|iPhoneSimulator.Build.0 = Debug|Any CPU
		{67F9D3A8-F71E-4428-913F-C37AE82CDB24}.Debug|Mixed Platforms.ActiveCfg = Debug|Any CPU
		{67F9D3A8-F71E-4428-913F-C37AE82CDB24}.Debug|Mixed Platforms.Build.0 = Debug|Any CPU
		{67F9D3A8-F71E-4428-913F-C37AE82CDB24}.Debug|x64.ActiveCfg = Debug|Any CPU
		{67F9D3A8-F71E-4428-913F-C37AE82CDB24}.Debug|x64.Build.0 = Debug|Any CPU
		{67F9D3A8-F71E-4428-913F-C37AE82CDB24}.Debug|x86.ActiveCfg = Debug|Any CPU
		{67F9D3A8-F71E-4428-913F-C37AE82CDB24}.Debug|x86.Build.0 = Debug|Any CPU
		{67F9D3A8-F71E-4428-913F-C37AE82CDB24}.Release|Any CPU.ActiveCfg = Release|Any CPU
		{67F9D3A8-F71E-4428-913F-C37AE82CDB24}.Release|Any CPU.Build.0 = Release|Any CPU
		{67F9D3A8-F71E-4428-913F-C37AE82CDB24}.Release|ARM.ActiveCfg = Release|Any CPU
		{67F9D3A8-F71E-4428-913F-C37AE82CDB24}.Release|ARM.Build.0 = Release|Any CPU
		{67F9D3A8-F71E-4428-913F-C37AE82CDB24}.Release|iPhone.ActiveCfg = Release|Any CPU
		{67F9D3A8-F71E-4428-913F-C37AE82CDB24}.Release|iPhone.Build.0 = Release|Any CPU
		{67F9D3A8-F71E-4428-913F-C37AE82CDB24}.Release|iPhoneSimulator.ActiveCfg = Release|Any CPU
		{67F9D3A8-F71E-4428-913F-C37AE82CDB24}.Release|iPhoneSimulator.Build.0 = Release|Any CPU
		{67F9D3A8-F71E-4428-913F-C37AE82CDB24}.Release|Mixed Platforms.ActiveCfg = Release|Any CPU
		{67F9D3A8-F71E-4428-913F-C37AE82CDB24}.Release|Mixed Platforms.Build.0 = Release|Any CPU
		{67F9D3A8-F71E-4428-913F-C37AE82CDB24}.Release|x64.ActiveCfg = Release|Any CPU
		{67F9D3A8-F71E-4428-913F-C37AE82CDB24}.Release|x64.Build.0 = Release|Any CPU
		{67F9D3A8-F71E-4428-913F-C37AE82CDB24}.Release|x86.ActiveCfg = Release|Any CPU
		{67F9D3A8-F71E-4428-913F-C37AE82CDB24}.Release|x86.Build.0 = Release|Any CPU
		{08376A9C-4FC1-4D38-BD44-55C7D157D2EA}.Debug|Any CPU.ActiveCfg = Debug|Any CPU
		{08376A9C-4FC1-4D38-BD44-55C7D157D2EA}.Debug|Any CPU.Build.0 = Debug|Any CPU
		{08376A9C-4FC1-4D38-BD44-55C7D157D2EA}.Debug|ARM.ActiveCfg = Debug|Any CPU
		{08376A9C-4FC1-4D38-BD44-55C7D157D2EA}.Debug|ARM.Build.0 = Debug|Any CPU
		{08376A9C-4FC1-4D38-BD44-55C7D157D2EA}.Debug|iPhone.ActiveCfg = Debug|Any CPU
		{08376A9C-4FC1-4D38-BD44-55C7D157D2EA}.Debug|iPhone.Build.0 = Debug|Any CPU
		{08376A9C-4FC1-4D38-BD44-55C7D157D2EA}.Debug|iPhoneSimulator.ActiveCfg = Debug|Any CPU
		{08376A9C-4FC1-4D38-BD44-55C7D157D2EA}.Debug|iPhoneSimulator.Build.0 = Debug|Any CPU
		{08376A9C-4FC1-4D38-BD44-55C7D157D2EA}.Debug|Mixed Platforms.ActiveCfg = Debug|Any CPU
		{08376A9C-4FC1-4D38-BD44-55C7D157D2EA}.Debug|Mixed Platforms.Build.0 = Debug|Any CPU
		{08376A9C-4FC1-4D38-BD44-55C7D157D2EA}.Debug|x64.ActiveCfg = Debug|Any CPU
		{08376A9C-4FC1-4D38-BD44-55C7D157D2EA}.Debug|x64.Build.0 = Debug|Any CPU
		{08376A9C-4FC1-4D38-BD44-55C7D157D2EA}.Debug|x86.ActiveCfg = Debug|Any CPU
		{08376A9C-4FC1-4D38-BD44-55C7D157D2EA}.Debug|x86.Build.0 = Debug|Any CPU
		{08376A9C-4FC1-4D38-BD44-55C7D157D2EA}.Release|Any CPU.ActiveCfg = Release|Any CPU
		{08376A9C-4FC1-4D38-BD44-55C7D157D2EA}.Release|Any CPU.Build.0 = Release|Any CPU
		{08376A9C-4FC1-4D38-BD44-55C7D157D2EA}.Release|ARM.ActiveCfg = Release|Any CPU
		{08376A9C-4FC1-4D38-BD44-55C7D157D2EA}.Release|ARM.Build.0 = Release|Any CPU
		{08376A9C-4FC1-4D38-BD44-55C7D157D2EA}.Release|iPhone.ActiveCfg = Release|Any CPU
		{08376A9C-4FC1-4D38-BD44-55C7D157D2EA}.Release|iPhone.Build.0 = Release|Any CPU
		{08376A9C-4FC1-4D38-BD44-55C7D157D2EA}.Release|iPhoneSimulator.ActiveCfg = Release|Any CPU
		{08376A9C-4FC1-4D38-BD44-55C7D157D2EA}.Release|iPhoneSimulator.Build.0 = Release|Any CPU
		{08376A9C-4FC1-4D38-BD44-55C7D157D2EA}.Release|Mixed Platforms.ActiveCfg = Release|Any CPU
		{08376A9C-4FC1-4D38-BD44-55C7D157D2EA}.Release|Mixed Platforms.Build.0 = Release|Any CPU
		{08376A9C-4FC1-4D38-BD44-55C7D157D2EA}.Release|x64.ActiveCfg = Release|Any CPU
		{08376A9C-4FC1-4D38-BD44-55C7D157D2EA}.Release|x64.Build.0 = Release|Any CPU
		{08376A9C-4FC1-4D38-BD44-55C7D157D2EA}.Release|x86.ActiveCfg = Release|Any CPU
		{08376A9C-4FC1-4D38-BD44-55C7D157D2EA}.Release|x86.Build.0 = Release|Any CPU
		{5C203DF7-7A08-4861-B248-23199D9C3E22}.Debug|Any CPU.ActiveCfg = Debug|Any CPU
		{5C203DF7-7A08-4861-B248-23199D9C3E22}.Debug|Any CPU.Build.0 = Debug|Any CPU
		{5C203DF7-7A08-4861-B248-23199D9C3E22}.Debug|ARM.ActiveCfg = Debug|ARM
		{5C203DF7-7A08-4861-B248-23199D9C3E22}.Debug|ARM.Build.0 = Debug|ARM
		{5C203DF7-7A08-4861-B248-23199D9C3E22}.Debug|iPhone.ActiveCfg = Debug|Any CPU
		{5C203DF7-7A08-4861-B248-23199D9C3E22}.Debug|iPhone.Build.0 = Debug|Any CPU
		{5C203DF7-7A08-4861-B248-23199D9C3E22}.Debug|iPhoneSimulator.ActiveCfg = Debug|Any CPU
		{5C203DF7-7A08-4861-B248-23199D9C3E22}.Debug|iPhoneSimulator.Build.0 = Debug|Any CPU
		{5C203DF7-7A08-4861-B248-23199D9C3E22}.Debug|Mixed Platforms.ActiveCfg = Debug|x86
		{5C203DF7-7A08-4861-B248-23199D9C3E22}.Debug|Mixed Platforms.Build.0 = Debug|x86
		{5C203DF7-7A08-4861-B248-23199D9C3E22}.Debug|x64.ActiveCfg = Debug|x64
		{5C203DF7-7A08-4861-B248-23199D9C3E22}.Debug|x64.Build.0 = Debug|x64
		{5C203DF7-7A08-4861-B248-23199D9C3E22}.Debug|x86.ActiveCfg = Debug|x86
		{5C203DF7-7A08-4861-B248-23199D9C3E22}.Debug|x86.Build.0 = Debug|x86
		{5C203DF7-7A08-4861-B248-23199D9C3E22}.Release|Any CPU.ActiveCfg = Release|Any CPU
		{5C203DF7-7A08-4861-B248-23199D9C3E22}.Release|Any CPU.Build.0 = Release|Any CPU
		{5C203DF7-7A08-4861-B248-23199D9C3E22}.Release|ARM.ActiveCfg = Release|ARM
		{5C203DF7-7A08-4861-B248-23199D9C3E22}.Release|ARM.Build.0 = Release|ARM
		{5C203DF7-7A08-4861-B248-23199D9C3E22}.Release|iPhone.ActiveCfg = Release|Any CPU
		{5C203DF7-7A08-4861-B248-23199D9C3E22}.Release|iPhone.Build.0 = Release|Any CPU
		{5C203DF7-7A08-4861-B248-23199D9C3E22}.Release|iPhoneSimulator.ActiveCfg = Release|Any CPU
		{5C203DF7-7A08-4861-B248-23199D9C3E22}.Release|iPhoneSimulator.Build.0 = Release|Any CPU
		{5C203DF7-7A08-4861-B248-23199D9C3E22}.Release|Mixed Platforms.ActiveCfg = Release|x86
		{5C203DF7-7A08-4861-B248-23199D9C3E22}.Release|Mixed Platforms.Build.0 = Release|x86
		{5C203DF7-7A08-4861-B248-23199D9C3E22}.Release|x64.ActiveCfg = Release|x64
		{5C203DF7-7A08-4861-B248-23199D9C3E22}.Release|x64.Build.0 = Release|x64
		{5C203DF7-7A08-4861-B248-23199D9C3E22}.Release|x86.ActiveCfg = Release|x86
		{5C203DF7-7A08-4861-B248-23199D9C3E22}.Release|x86.Build.0 = Release|x86
	EndGlobalSection
	GlobalSection(SolutionProperties) = preSolution
		HideSolutionNode = FALSE
	EndGlobalSection
	GlobalSection(MonoDevelopProperties) = preSolution
		StartupItem = Plugin.pbXSettings\Plugin.pbXSettings.csproj
		version = 1.0.44.0
	EndGlobalSection
EndGlobal
